Microsoft Visual Studio Solution File, Format Version 12.00
# Visual Studio 15
VisualStudioVersion = 15.0.27130.2026
MinimumVisualStudioVersion = 10.0.40219.1
Project("{9A19103F-16F7-4668-BE54-9A1E7A4F7556}") = "Microsoft.ML.Core", "src\Microsoft.ML.Core\Microsoft.ML.Core.csproj", "{A6CA6CC6-5D7C-4D7F-A0F5-35E14B383B0A}"
EndProject
Project("{2150E333-8FDC-42A3-9474-1A3956D46DE8}") = "src", "src", "{09EADF06-BE25-4228-AB53-95AE3E15B530}"
	ProjectSection(SolutionItems) = preProject
		src\Source.ruleset = src\Source.ruleset
	EndProjectSection
EndProject
Project("{2150E333-8FDC-42A3-9474-1A3956D46DE8}") = "test", "test", "{AED9C836-31E3-4F3F-8ABC-929555D3F3C4}"
EndProject
Project("{9A19103F-16F7-4668-BE54-9A1E7A4F7556}") = "Microsoft.ML.Core.Tests", "test\Microsoft.ML.Core.Tests\Microsoft.ML.Core.Tests.csproj", "{EC743D1D-7691-43B7-B9B0-5F2F7018A8F6}"
EndProject
Project("{9A19103F-16F7-4668-BE54-9A1E7A4F7556}") = "Microsoft.ML.CpuMath", "src\Microsoft.ML.CpuMath\Microsoft.ML.CpuMath.csproj", "{46F2F967-C23F-4076-858D-33F7DA9BD2DA}"
EndProject
Project("{9A19103F-16F7-4668-BE54-9A1E7A4F7556}") = "Microsoft.ML.Data", "src\Microsoft.ML.Data\Microsoft.ML.Data.csproj", "{AD92D96B-0E96-4F22-8DCE-892E13B1F282}"
EndProject
Project("{9A19103F-16F7-4668-BE54-9A1E7A4F7556}") = "Microsoft.ML.OnnxConverter", "src\Microsoft.ML.OnnxConverter\Microsoft.ML.OnnxConverter.csproj", "{65D0603E-B96C-4DFC-BDD1-705891B88C18}"
EndProject
Project("{9A19103F-16F7-4668-BE54-9A1E7A4F7556}") = "Microsoft.ML.StandardTrainers", "src\Microsoft.ML.StandardTrainers\Microsoft.ML.StandardTrainers.csproj", "{707BB22C-7E5F-497A-8C2F-74578F675705}"
EndProject
Project("{9A19103F-16F7-4668-BE54-9A1E7A4F7556}") = "Microsoft.ML.Transforms", "src\Microsoft.ML.Transforms\Microsoft.ML.Transforms.csproj", "{2911A286-ECA4-4730-97A9-DA1FEE2DED97}"
EndProject
Project("{9A19103F-16F7-4668-BE54-9A1E7A4F7556}") = "Microsoft.ML.KMeansClustering", "src\Microsoft.ML.KMeansClustering\Microsoft.ML.KMeansClustering.csproj", "{F1CAE3AB-4F86-4BC0-BBA8-C4A58E7E8A4A}"
EndProject
Project("{9A19103F-16F7-4668-BE54-9A1E7A4F7556}") = "Microsoft.ML.PCA", "src\Microsoft.ML.PCA\Microsoft.ML.PCA.csproj", "{58E06735-1129-4DD5-86E0-6BBFF049AAD9}"
EndProject
Project("{9A19103F-16F7-4668-BE54-9A1E7A4F7556}") = "Microsoft.ML.Tests", "test\Microsoft.ML.Tests\Microsoft.ML.Tests.csproj", "{64BC22D3-1E76-41EF-94D8-C79E471FF2DD}"
EndProject
Project("{9A19103F-16F7-4668-BE54-9A1E7A4F7556}") = "Microsoft.ML.TestFramework", "test\Microsoft.ML.TestFramework\Microsoft.ML.TestFramework.csproj", "{B5989C06-4FFA-46C1-9D85-9366B34AB0A2}"
EndProject
Project("{9A19103F-16F7-4668-BE54-9A1E7A4F7556}") = "Microsoft.ML.Predictor.Tests", "test\Microsoft.ML.Predictor.Tests\Microsoft.ML.Predictor.Tests.csproj", "{6B047E09-39C9-4583-96F3-685D84CA4117}"
EndProject
Project("{9A19103F-16F7-4668-BE54-9A1E7A4F7556}") = "Microsoft.ML.Functional.Tests", "test\Microsoft.ML.Functional.Tests\Microsoft.ML.Functional.Tests.csproj", "{CFED9F0C-FF81-4C96-8D5E-0436264CA7B5}"
EndProject
Project("{9A19103F-16F7-4668-BE54-9A1E7A4F7556}") = "Microsoft.ML.ResultProcessor", "src\Microsoft.ML.ResultProcessor\Microsoft.ML.ResultProcessor.csproj", "{3769FCC3-9AFF-4C37-97E9-6854324681DF}"
EndProject
Project("{9A19103F-16F7-4668-BE54-9A1E7A4F7556}") = "Microsoft.ML.FastTree", "src\Microsoft.ML.FastTree\Microsoft.ML.FastTree.csproj", "{B7B593C5-FB8C-4ADA-A638-5B53B47D087E}"
EndProject
Project("{9A19103F-16F7-4668-BE54-9A1E7A4F7556}") = "Microsoft.ML.Parquet", "src\Microsoft.ML.Parquet\Microsoft.ML.Parquet.csproj", "{16BB1454-2108-40E5-B3A6-594654005303}"
EndProject
Project("{9A19103F-16F7-4668-BE54-9A1E7A4F7556}") = "Microsoft.ML.Sweeper", "src\Microsoft.ML.Sweeper\Microsoft.ML.Sweeper.csproj", "{55C8122D-79EA-48AB-85D0-EB551FC1C427}"
EndProject
Project("{2150E333-8FDC-42A3-9474-1A3956D46DE8}") = "pkg", "pkg", "{D3D38B03-B557-484D-8348-8BADEE4DF592}"
	ProjectSection(SolutionItems) = preProject
		pkg\Directory.Build.props = pkg\Directory.Build.props
	EndProjectSection
EndProject
Project("{2150E333-8FDC-42A3-9474-1A3956D46DE8}") = "Microsoft.ML", "Microsoft.ML", "{DEC8F776-49F7-4D87-836C-FE4DC057D08C}"
	ProjectSection(SolutionItems) = preProject
		pkg\Microsoft.ML\Microsoft.ML.nupkgproj = pkg\Microsoft.ML\Microsoft.ML.nupkgproj
		pkg\Microsoft.ML\Microsoft.ML.symbols.nupkgproj = pkg\Microsoft.ML\Microsoft.ML.symbols.nupkgproj
	EndProjectSection
EndProject
Project("{2150E333-8FDC-42A3-9474-1A3956D46DE8}") = "Microsoft.ML.Parquet", "Microsoft.ML.Parquet", "{6C95FC87-F5F2-4EEF-BB97-567F2F5DD141}"
	ProjectSection(SolutionItems) = preProject
		pkg\Microsoft.ML.Parquet\Microsoft.ML.Parquet.nupkgproj = pkg\Microsoft.ML.Parquet\Microsoft.ML.Parquet.nupkgproj
	EndProjectSection
EndProject
Project("{9A19103F-16F7-4668-BE54-9A1E7A4F7556}") = "Microsoft.ML.Benchmarks", "test\Microsoft.ML.Benchmarks\Microsoft.ML.Benchmarks.csproj", "{7A9DB75F-2CA5-4184-9EF5-1F17EB39483F}"
EndProject
Project("{9A19103F-16F7-4668-BE54-9A1E7A4F7556}") = "Microsoft.ML.Maml", "src\Microsoft.ML.Maml\Microsoft.ML.Maml.csproj", "{64F40A0D-D4C2-4AA7-8470-E9CC437827E4}"
EndProject
Project("{9A19103F-16F7-4668-BE54-9A1E7A4F7556}") = "Microsoft.ML.Console", "src\Microsoft.ML.Console\Microsoft.ML.Console.csproj", "{362A98CF-FBF7-4EBB-A11B-990BBF845B15}"
EndProject
Project("{2150E333-8FDC-42A3-9474-1A3956D46DE8}") = "build", "build", "{487213C9-E8A9-4F94-85D7-28A05DBBFE3A}"
EndProject
Project("{2150E333-8FDC-42A3-9474-1A3956D46DE8}") = "netstandard2.0", "netstandard2.0", "{9252A8EB-ABFB-440C-AB4D-1D562753CE0F}"
	ProjectSection(SolutionItems) = preProject
		pkg\Microsoft.ML\build\netstandard2.0\Microsoft.ML.targets = pkg\Microsoft.ML\build\netstandard2.0\Microsoft.ML.targets
	EndProjectSection
EndProject
Project("{9A19103F-16F7-4668-BE54-9A1E7A4F7556}") = "Microsoft.ML.Sweeper.Tests", "test\Microsoft.ML.Sweeper.Tests\Microsoft.ML.Sweeper.Tests.csproj", "{3DEB504D-7A07-48CE-91A2-8047461CB3D4}"
EndProject
Project("{9A19103F-16F7-4668-BE54-9A1E7A4F7556}") = "Microsoft.ML.LightGbm", "src\Microsoft.ML.LightGbm\Microsoft.ML.LightGbm.csproj", "{001F3B4E-FBE4-4001-AFD2-A6A989CD1C25}"
EndProject
Project("{9A19103F-16F7-4668-BE54-9A1E7A4F7556}") = "Microsoft.ML.Ensemble", "src\Microsoft.ML.Ensemble\Microsoft.ML.Ensemble.csproj", "{DCF46B79-1FDB-4DBA-A263-D3D64E3AAA27}"
EndProject
Project("{2150E333-8FDC-42A3-9474-1A3956D46DE8}") = "Microsoft.ML.CpuMath", "Microsoft.ML.CpuMath", "{BF66A305-DF10-47E4-8D81-42049B149D2B}"
	ProjectSection(SolutionItems) = preProject
		pkg\Microsoft.ML.CpuMath\Microsoft.ML.CpuMath.nupkgproj = pkg\Microsoft.ML.CpuMath\Microsoft.ML.CpuMath.nupkgproj
		pkg\Microsoft.ML.CpuMath\Microsoft.ML.CpuMath.symbols.nupkgproj = pkg\Microsoft.ML.CpuMath\Microsoft.ML.CpuMath.symbols.nupkgproj
	EndProjectSection
EndProject
Project("{2150E333-8FDC-42A3-9474-1A3956D46DE8}") = "tools-local", "tools-local", "{7F13E156-3EBA-4021-84A5-CD56BA72F99E}"
EndProject
Project("{9A19103F-16F7-4668-BE54-9A1E7A4F7556}") = "Microsoft.ML.InternalCodeAnalyzer", "tools-local\Microsoft.ML.InternalCodeAnalyzer\Microsoft.ML.InternalCodeAnalyzer.csproj", "{B4E55B2D-2A92-46E7-B72F-E76D6FD83440}"
EndProject
Project("{9A19103F-16F7-4668-BE54-9A1E7A4F7556}") = "Microsoft.ML.CodeAnalyzer.Tests", "test\Microsoft.ML.CodeAnalyzer.Tests\Microsoft.ML.CodeAnalyzer.Tests.csproj", "{3E4ABF07-7970-4BE6-B45B-A13D3C397545}"
EndProject
Project("{9A19103F-16F7-4668-BE54-9A1E7A4F7556}") = "Microsoft.ML.CpuMath.PerformanceTests", "test\Microsoft.ML.CpuMath.PerformanceTests\Microsoft.ML.CpuMath.PerformanceTests.csproj", "{7333EDEF-4144-405C-A5EC-6F42201857D8}"
EndProject
Project("{9A19103F-16F7-4668-BE54-9A1E7A4F7556}") = "Microsoft.ML.CpuMath.UnitTests.netstandard", "test\Microsoft.ML.CpuMath.UnitTests.netstandard\Microsoft.ML.CpuMath.UnitTests.netstandard.csproj", "{A0E562A9-0E6D-470D-B180-6EB44BA84D60}"
EndProject
Project("{9A19103F-16F7-4668-BE54-9A1E7A4F7556}") = "Microsoft.ML.CpuMath.UnitTests.netcoreapp", "test\Microsoft.ML.CpuMath.UnitTests.netcoreapp\Microsoft.ML.CpuMath.UnitTests.netcoreapp.csproj", "{5F81A2A4-73AD-494C-B387-07D605EC8826}"
EndProject
Project("{6EC3EE1D-3C4E-46DD-8F32-0CC8E7565705}") = "Microsoft.ML.FSharp.Tests", "test\Microsoft.ML.FSharp.Tests\Microsoft.ML.FSharp.Tests.fsproj", "{802233D6-8CC0-46AD-9F23-FEE1E9AED9B3}"
EndProject
Project("{9A19103F-16F7-4668-BE54-9A1E7A4F7556}") = "Microsoft.ML.ImageAnalytics", "src\Microsoft.ML.ImageAnalytics\Microsoft.ML.ImageAnalytics.csproj", "{00E38F77-1E61-4CDF-8F97-1417D4E85053}"
EndProject
Project("{9A19103F-16F7-4668-BE54-9A1E7A4F7556}") = "Microsoft.ML.Mkl.Components", "src\Microsoft.ML.Mkl.Components\Microsoft.ML.Mkl.Components.csproj", "{A7222F41-1CF0-47D9-B80C-B4D77B027A61}"
EndProject
Project("{9A19103F-16F7-4668-BE54-9A1E7A4F7556}") = "Microsoft.ML.TensorFlow", "src\Microsoft.ML.TensorFlow\Microsoft.ML.TensorFlow.csproj", "{570A0B8A-5463-44D2-8521-54C0CA4CACA9}"
EndProject
Project("{9A19103F-16F7-4668-BE54-9A1E7A4F7556}") = "Microsoft.ML.Analyzer", "src\Microsoft.ML.Analyzer\Microsoft.ML.Analyzer.csproj", "{6DEF0F40-3853-47B3-8165-5F24BA5E14DF}"
EndProject
Project("{9A19103F-16F7-4668-BE54-9A1E7A4F7556}") = "Microsoft.ML.StaticPipelineTesting", "test\Microsoft.ML.StaticPipelineTesting\Microsoft.ML.StaticPipelineTesting.csproj", "{8B38BF24-35F4-4787-A9C5-22D35987106E}"
EndProject
Project("{9A19103F-16F7-4668-BE54-9A1E7A4F7556}") = "Microsoft.ML.TimeSeries", "src\Microsoft.ML.TimeSeries\Microsoft.ML.TimeSeries.csproj", "{5A79C7F0-3D99-4123-B0DA-7C9FFCD13132}"
EndProject
Project("{9A19103F-16F7-4668-BE54-9A1E7A4F7556}") = "Microsoft.ML.OnnxTransformer", "src\Microsoft.ML.OnnxTransformer\Microsoft.ML.OnnxTransformer.csproj", "{8C05642D-C3AA-4972-B02C-93681161A6BC}"
EndProject
Project("{9A19103F-16F7-4668-BE54-9A1E7A4F7556}") = "Microsoft.ML.DnnAnalyzer", "src\Microsoft.ML.DnnAnalyzer\Microsoft.ML.DnnAnalyzer\Microsoft.ML.DnnAnalyzer.csproj", "{73DAAC82-D308-48CC-8FFE-3B037F8BBCCA}"
EndProject
Project("{9A19103F-16F7-4668-BE54-9A1E7A4F7556}") = "Microsoft.ML.OnnxTransformerTest", "test\Microsoft.ML.OnnxTransformerTest\Microsoft.ML.OnnxTransformerTest.csproj", "{49D03292-8AFE-4B82-823C-D047BF8420F7}"
EndProject
Project("{9A19103F-16F7-4668-BE54-9A1E7A4F7556}") = "Microsoft.ML.Benchmarks.Tests", "test\Microsoft.ML.Benchmarks.Tests\Microsoft.ML.Benchmarks.Tests.csproj", "{B6C83F04-A04B-4F00-9E68-1EC411F9317C}"
EndProject
Project("{9A19103F-16F7-4668-BE54-9A1E7A4F7556}") = "Microsoft.ML.TimeSeries.Tests", "test\Microsoft.ML.TimeSeries.Tests\Microsoft.ML.TimeSeries.Tests.csproj", "{4B101D58-E7E4-4877-A536-A9B41E2E82A3}"
EndProject
Project("{2150E333-8FDC-42A3-9474-1A3956D46DE8}") = "samples", "samples", "{DA452A53-2E94-4433-B08C-041EDEC729E6}"
EndProject
Project("{9A19103F-16F7-4668-BE54-9A1E7A4F7556}") = "Microsoft.ML.Samples", "docs\samples\Microsoft.ML.Samples\Microsoft.ML.Samples.csproj", "{ECB71297-9DF1-48CE-B93A-CD969221F9B6}"
EndProject
Project("{9A19103F-16F7-4668-BE54-9A1E7A4F7556}") = "Microsoft.ML.SamplesUtils", "src\Microsoft.ML.SamplesUtils\Microsoft.ML.SamplesUtils.csproj", "{11A5210E-2EA7-42F1-80DB-827762E9C781}"
EndProject
Project("{9A19103F-16F7-4668-BE54-9A1E7A4F7556}") = "Microsoft.ML.Recommender", "src\Microsoft.ML.Recommender\Microsoft.ML.Recommender.csproj", "{C8E1772B-DFD9-4A4D-830D-6AAB1C668BB3}"
EndProject
Project("{9A19103F-16F7-4668-BE54-9A1E7A4F7556}") = "Microsoft.ML.DnnImageFeaturizer.ResNet18", "src\Microsoft.ML.DnnImageFeaturizer.ResNet18\Microsoft.ML.DnnImageFeaturizer.ResNet18.csproj", "{9222FC9D-599A-49A5-B685-08CC9A5C81D7}"
EndProject
Project("{9A19103F-16F7-4668-BE54-9A1E7A4F7556}") = "Microsoft.ML.DnnImageFeaturizer.AlexNet", "src\Microsoft.ML.DnnImageFeaturizer.AlexNet\Microsoft.ML.DnnImageFeaturizer.AlexNet.csproj", "{6C29AA9B-054B-4762-BEA5-D305B932AA80}"
EndProject
Project("{9A19103F-16F7-4668-BE54-9A1E7A4F7556}") = "Microsoft.ML.DnnImageFeaturizer.ResNet50", "src\Microsoft.ML.DnnImageFeaturizer.ResNet50\Microsoft.ML.DnnImageFeaturizer.ResNet50.csproj", "{4805129D-78C8-46D4-9519-0AD9B0574D6D}"
EndProject
Project("{9A19103F-16F7-4668-BE54-9A1E7A4F7556}") = "Microsoft.ML.DnnImageFeaturizer.ResNet101", "src\Microsoft.ML.DnnImageFeaturizer.ResNet101\Microsoft.ML.DnnImageFeaturizer.ResNet101.csproj", "{DB7CEB5E-8BE6-48A7-87BE-B91D9AE96F71}"
EndProject
Project("{9A19103F-16F7-4668-BE54-9A1E7A4F7556}") = "Microsoft.ML.EntryPoints", "src\Microsoft.ML.EntryPoints\Microsoft.ML.EntryPoints.csproj", "{7504D46F-E4B3-43CB-9B1C-82F3131F1C99}"
EndProject
Project("{9A19103F-16F7-4668-BE54-9A1E7A4F7556}") = "Microsoft.ML.StaticPipe", "src\Microsoft.ML.StaticPipe\Microsoft.ML.StaticPipe.csproj", "{6B1B93D0-142A-4111-A20E-62B55A3E36A3}"
EndProject
Project("{9A19103F-16F7-4668-BE54-9A1E7A4F7556}") = "Microsoft.ML.TensorFlow.StaticPipe", "src\Microsoft.ML.TensorFlow.StaticPipe\Microsoft.ML.TensorFlow.StaticPipe.csproj", "{F95F7AFB-03AF-4D20-BD75-1740B5FF71D3}"
EndProject
Project("{9A19103F-16F7-4668-BE54-9A1E7A4F7556}") = "Microsoft.ML.Mkl.Components.StaticPipe", "src\Microsoft.ML.Mkl.Components.StaticPipe\Microsoft.ML.Mkl.Components.StaticPipe.csproj", "{2F25EF6A-C754-45BE-AD9E-7DDF46A1B51A}"
EndProject
Project("{9A19103F-16F7-4668-BE54-9A1E7A4F7556}") = "Microsoft.ML.OnnxTransformer.StaticPipe", "src\Microsoft.ML.OnnxTransformer.StaticPipe\Microsoft.ML.OnnxTransformer.StaticPipe.csproj", "{D1324668-9568-40F4-AA55-30A9A516C230}"
EndProject
Project("{9A19103F-16F7-4668-BE54-9A1E7A4F7556}") = "Microsoft.ML.LightGbm.StaticPipe", "src\Microsoft.ML.LightGbm.StaticPipe\Microsoft.ML.LightGbm.StaticPipe.csproj", "{22C51B08-ACAE-47B2-A312-462DC239A23B}"
EndProject
Project("{9A19103F-16F7-4668-BE54-9A1E7A4F7556}") = "Microsoft.ML.TimeSeries.StaticPipe", "src\Microsoft.ML.TimeSeries.StaticPipe\Microsoft.ML.TimeSeries.StaticPipe.csproj", "{06A147ED-15EA-4106-9105-9B745125B470}"
EndProject
Project("{2150E333-8FDC-42A3-9474-1A3956D46DE8}") = "Microsoft.ML.Mkl.Components", "Microsoft.ML.Mkl.Components", "{63006A14-B924-48C5-83C9-CFE9DA22B01F}"
	ProjectSection(SolutionItems) = preProject
		pkg\Microsoft.ML.Mkl.Components\Microsoft.ML.Mkl.Components.nupkgproj = pkg\Microsoft.ML.Mkl.Components\Microsoft.ML.Mkl.Components.nupkgproj
		pkg\Microsoft.ML.Mkl.Components\Microsoft.ML.Mkl.Components.symbols.nupkgproj = pkg\Microsoft.ML.Mkl.Components\Microsoft.ML.Mkl.Components.symbols.nupkgproj
	EndProjectSection
EndProject
Project("{2150E333-8FDC-42A3-9474-1A3956D46DE8}") = "Microsoft.ML.ImageAnalytics", "Microsoft.ML.ImageAnalytics", "{1229F799-37F0-4282-B9F0-74BFA97CC362}"
	ProjectSection(SolutionItems) = preProject
		pkg\Microsoft.ML.ImageAnalytics\Microsoft.ML.ImageAnalytics.nupkgproj = pkg\Microsoft.ML.ImageAnalytics\Microsoft.ML.ImageAnalytics.nupkgproj
		pkg\Microsoft.ML.ImageAnalytics\Microsoft.ML.ImageAnalytics.symbols.nupkgproj = pkg\Microsoft.ML.ImageAnalytics\Microsoft.ML.ImageAnalytics.symbols.nupkgproj
	EndProjectSection
EndProject
Project("{2150E333-8FDC-42A3-9474-1A3956D46DE8}") = "Microsoft.ML.LightGbm", "Microsoft.ML.LightGbm", "{DE95FE65-9FF7-4233-93DF-7A8F2805624A}"
	ProjectSection(SolutionItems) = preProject
		pkg\Microsoft.ML.LightGbm\Microsoft.ML.LightGbm.nupkgproj = pkg\Microsoft.ML.LightGbm\Microsoft.ML.LightGbm.nupkgproj
		pkg\Microsoft.ML.LightGbm\Microsoft.ML.LightGbm.symbols.nupkgproj = pkg\Microsoft.ML.LightGbm\Microsoft.ML.LightGbm.symbols.nupkgproj
	EndProjectSection
EndProject
Project("{2150E333-8FDC-42A3-9474-1A3956D46DE8}") = "Microsoft.ML.Mkl.Redist", "Microsoft.ML.Mkl.Redist", "{4CF8095E-B4A3-4326-A550-43098E447288}"
	ProjectSection(SolutionItems) = preProject
		pkg\Microsoft.ML.Mkl.Redist\Microsoft.ML.Mkl.Redist.nupkgproj = pkg\Microsoft.ML.Mkl.Redist\Microsoft.ML.Mkl.Redist.nupkgproj
	EndProjectSection
EndProject
Project("{2150E333-8FDC-42A3-9474-1A3956D46DE8}") = "Microsoft.ML.OnnxConverter", "Microsoft.ML.OnnxConverter", "{19AC192B-75FE-45D5-B219-898E401D5904}"
	ProjectSection(SolutionItems) = preProject
		pkg\Microsoft.ML.OnnxConverter\Microsoft.ML.OnnxConverter.nupkgproj = pkg\Microsoft.ML.OnnxConverter\Microsoft.ML.OnnxConverter.nupkgproj
		pkg\Microsoft.ML.OnnxConverter\Microsoft.ML.OnnxConverter.symbols.nupkgproj = pkg\Microsoft.ML.OnnxConverter\Microsoft.ML.OnnxConverter.symbols.nupkgproj
	EndProjectSection
EndProject
Project("{2150E333-8FDC-42A3-9474-1A3956D46DE8}") = "Microsoft.ML.OnnxTransformer", "Microsoft.ML.OnnxTransformer", "{93FF16AA-635E-421D-96C1-008818C143A2}"
	ProjectSection(SolutionItems) = preProject
		pkg\Microsoft.ML.OnnxTransformer\Microsoft.ML.OnnxTransformer.nupkgproj = pkg\Microsoft.ML.OnnxTransformer\Microsoft.ML.OnnxTransformer.nupkgproj
		pkg\Microsoft.ML.OnnxTransformer\Microsoft.ML.OnnxTransformer.symbols.nupkgproj = pkg\Microsoft.ML.OnnxTransformer\Microsoft.ML.OnnxTransformer.symbols.nupkgproj
	EndProjectSection
EndProject
Project("{2150E333-8FDC-42A3-9474-1A3956D46DE8}") = "Microsoft.ML.StaticPipe", "Microsoft.ML.StaticPipe", "{EC9844CE-070A-4313-B3A3-44701AC5F1E1}"
	ProjectSection(SolutionItems) = preProject
		pkg\Microsoft.ML.StaticPipe\Microsoft.ML.StaticPipe.nupkgproj = pkg\Microsoft.ML.StaticPipe\Microsoft.ML.StaticPipe.nupkgproj
		pkg\Microsoft.ML.StaticPipe\Microsoft.ML.StaticPipe.symbols.nupkgproj = pkg\Microsoft.ML.StaticPipe\Microsoft.ML.StaticPipe.symbols.nupkgproj
	EndProjectSection
EndProject
Project("{2150E333-8FDC-42A3-9474-1A3956D46DE8}") = "Microsoft.ML.Recommender", "Microsoft.ML.Recommender", "{320AF46A-4809-486E-8F9E-A00C8AE47751}"
	ProjectSection(SolutionItems) = preProject
		pkg\Microsoft.ML.Recommender\Microsoft.ML.Recommender.nupkgproj = pkg\Microsoft.ML.Recommender\Microsoft.ML.Recommender.nupkgproj
		pkg\Microsoft.ML.Recommender\Microsoft.ML.Recommender.symbols.nupkgproj = pkg\Microsoft.ML.Recommender\Microsoft.ML.Recommender.symbols.nupkgproj
	EndProjectSection
EndProject
Project("{2150E333-8FDC-42A3-9474-1A3956D46DE8}") = "Microsoft.ML.TensorFlow", "Microsoft.ML.TensorFlow", "{11894B4A-78B4-4523-A6DD-4495722E244F}"
	ProjectSection(SolutionItems) = preProject
		pkg\Microsoft.ML.TensorFlow\Microsoft.ML.TensorFlow.nupkgproj = pkg\Microsoft.ML.TensorFlow\Microsoft.ML.TensorFlow.nupkgproj
		pkg\Microsoft.ML.TensorFlow\Microsoft.ML.TensorFlow.symbols.nupkgproj = pkg\Microsoft.ML.TensorFlow\Microsoft.ML.TensorFlow.symbols.nupkgproj
	EndProjectSection
EndProject
Project("{2150E333-8FDC-42A3-9474-1A3956D46DE8}") = "Microsoft.ML.TensorFlow.Redist", "Microsoft.ML.TensorFlow.Redist", "{7F3D89CF-EAAD-4F21-AE83-F2EF9C97EC32}"
	ProjectSection(SolutionItems) = preProject
		pkg\Microsoft.ML.TensorFlow.Redist\Microsoft.ML.TensorFlow.Redist.nupkgproj = pkg\Microsoft.ML.TensorFlow.Redist\Microsoft.ML.TensorFlow.Redist.nupkgproj
	EndProjectSection
EndProject
Project("{2150E333-8FDC-42A3-9474-1A3956D46DE8}") = "Microsoft.ML.TimeSeries", "Microsoft.ML.TimeSeries", "{B836F712-7FB6-4B75-A3EB-FB05F8E0D15E}"
	ProjectSection(SolutionItems) = preProject
		pkg\Microsoft.ML.TimeSeries\Microsoft.ML.TimeSeries.nupkgproj = pkg\Microsoft.ML.TimeSeries\Microsoft.ML.TimeSeries.nupkgproj
		pkg\Microsoft.ML.TimeSeries\Microsoft.ML.TimeSeries.symbols.nupkgproj = pkg\Microsoft.ML.TimeSeries\Microsoft.ML.TimeSeries.symbols.nupkgproj
	EndProjectSection
EndProject
Project("{2150E333-8FDC-42A3-9474-1A3956D46DE8}") = "Microsoft.ML.DnnImageFeaturizer.AlexNet", "Microsoft.ML.DnnImageFeaturizer.AlexNet", "{B00098E4-771E-41DF-A3AA-A606AAB334B7}"
	ProjectSection(SolutionItems) = preProject
		pkg\Microsoft.ML.DnnImageFeaturizer.AlexNet\Microsoft.ML.DnnImageFeaturizer.AlexNet.nupkgproj = pkg\Microsoft.ML.DnnImageFeaturizer.AlexNet\Microsoft.ML.DnnImageFeaturizer.AlexNet.nupkgproj
		pkg\Microsoft.ML.DnnImageFeaturizer.AlexNet\Microsoft.ML.DnnImageFeaturizer.AlexNet.symbols.nupkgproj = pkg\Microsoft.ML.DnnImageFeaturizer.AlexNet\Microsoft.ML.DnnImageFeaturizer.AlexNet.symbols.nupkgproj
	EndProjectSection
EndProject
Project("{2150E333-8FDC-42A3-9474-1A3956D46DE8}") = "Microsoft.ML.DnnImageFeaturizer.ResNet18", "Microsoft.ML.DnnImageFeaturizer.ResNet18", "{BD93C0F3-3CED-4BE8-9389-4234250FBFB1}"
	ProjectSection(SolutionItems) = preProject
		pkg\Microsoft.ML.DnnImageFeaturizer.ResNet18\Microsoft.ML.DnnImageFeaturizer.ResNet18.nupkgproj = pkg\Microsoft.ML.DnnImageFeaturizer.ResNet18\Microsoft.ML.DnnImageFeaturizer.ResNet18.nupkgproj
		pkg\Microsoft.ML.DnnImageFeaturizer.ResNet18\Microsoft.ML.DnnImageFeaturizer.ResNet18.symbols.nupkgproj = pkg\Microsoft.ML.DnnImageFeaturizer.ResNet18\Microsoft.ML.DnnImageFeaturizer.ResNet18.symbols.nupkgproj
	EndProjectSection
EndProject
Project("{2150E333-8FDC-42A3-9474-1A3956D46DE8}") = "Microsoft.ML.DnnImageFeaturizer.ResNet50", "Microsoft.ML.DnnImageFeaturizer.ResNet50", "{8EDFB7E5-7E7E-411D-99C5-7A4895D0F9CB}"
	ProjectSection(SolutionItems) = preProject
		pkg\Microsoft.ML.DnnImageFeaturizer.ResNet50\Microsoft.ML.DnnImageFeaturizer.ResNet50.nupkgproj = pkg\Microsoft.ML.DnnImageFeaturizer.ResNet50\Microsoft.ML.DnnImageFeaturizer.ResNet50.nupkgproj
		pkg\Microsoft.ML.DnnImageFeaturizer.ResNet50\Microsoft.ML.DnnImageFeaturizer.ResNet50.symbols.nupkgproj = pkg\Microsoft.ML.DnnImageFeaturizer.ResNet50\Microsoft.ML.DnnImageFeaturizer.ResNet50.symbols.nupkgproj
	EndProjectSection
EndProject
Project("{2150E333-8FDC-42A3-9474-1A3956D46DE8}") = "Microsoft.ML.DnnImageFeaturizer.ResNet101", "Microsoft.ML.DnnImageFeaturizer.ResNet101", "{9E689AD4-F908-493C-B882-B1B33E8F7696}"
	ProjectSection(SolutionItems) = preProject
		pkg\Microsoft.ML.DnnImageFeaturizer.ResNet101\Microsoft.ML.DnnImageFeaturizer.ResNet101.nupkgproj = pkg\Microsoft.ML.DnnImageFeaturizer.ResNet101\Microsoft.ML.DnnImageFeaturizer.ResNet101.nupkgproj
		pkg\Microsoft.ML.DnnImageFeaturizer.ResNet101\Microsoft.ML.DnnImageFeaturizer.ResNet101.symbols.nupkgproj = pkg\Microsoft.ML.DnnImageFeaturizer.ResNet101\Microsoft.ML.DnnImageFeaturizer.ResNet101.symbols.nupkgproj
	EndProjectSection
EndProject
Project("{2150E333-8FDC-42A3-9474-1A3956D46DE8}") = "Microsoft.ML.EntryPoints", "Microsoft.ML.EntryPoints", "{8D8CC016-0020-40EC-BD8E-73F1CE0F9662}"
	ProjectSection(SolutionItems) = preProject
		pkg\Microsoft.ML.EntryPoints\Microsoft.ML.EntryPoints.nupkgproj = pkg\Microsoft.ML.EntryPoints\Microsoft.ML.EntryPoints.nupkgproj
		pkg\Microsoft.ML.EntryPoints\Microsoft.ML.EntryPoints.symbols.nupkgproj = pkg\Microsoft.ML.EntryPoints\Microsoft.ML.EntryPoints.symbols.nupkgproj
	EndProjectSection
EndProject
Project("{2150E333-8FDC-42A3-9474-1A3956D46DE8}") = "common", "common", "{A84717CB-F11A-41C5-A74D-C0F1D47B7431}"
	ProjectSection(SolutionItems) = preProject
		pkg\common\CommonPackage.props = pkg\common\CommonPackage.props
		pkg\common\DnnImageFeaturizer.props = pkg\common\DnnImageFeaturizer.props
	EndProjectSection
EndProject
Project("{9A19103F-16F7-4668-BE54-9A1E7A4F7556}") = "Microsoft.ML.DataView", "src\Microsoft.ML.DataView\Microsoft.ML.DataView.csproj", "{85D0CAFD-2FE8-496A-88C7-585D35B94243}"
EndProject
Project("{2150E333-8FDC-42A3-9474-1A3956D46DE8}") = "Microsoft.ML.DataView", "Microsoft.ML.DataView", "{31D38B21-102B-41C0-9E0A-2FE0BF68D123}"
	ProjectSection(SolutionItems) = preProject
		pkg\Microsoft.ML.DataView\Microsoft.ML.DataView.nupkgproj = pkg\Microsoft.ML.DataView\Microsoft.ML.DataView.nupkgproj
		pkg\Microsoft.ML.DataView\Microsoft.ML.DataView.symbols.nupkgproj = pkg\Microsoft.ML.DataView\Microsoft.ML.DataView.symbols.nupkgproj
	EndProjectSection
EndProject
Project("{9A19103F-16F7-4668-BE54-9A1E7A4F7556}") = "RemoteExecutorConsoleApp", "test\RemoteExecutorConsoleApp\RemoteExecutorConsoleApp.csproj", "{5E920CAC-5A28-42FB-936E-49C472130953}"
EndProject
Project("{2150E333-8FDC-42A3-9474-1A3956D46DE8}") = "Microsoft.ML.Ensemble", "Microsoft.ML.Ensemble", "{AD7058C9-5608-49A8-BE23-58C33A74EE91}"
	ProjectSection(SolutionItems) = preProject
		pkg\Microsoft.ML.Ensemble\Microsoft.ML.Ensemble.nupkgproj = pkg\Microsoft.ML.Ensemble\Microsoft.ML.Ensemble.nupkgproj
		pkg\Microsoft.ML.Ensemble\Microsoft.ML.Ensemble.symbols.nupkgproj = pkg\Microsoft.ML.Ensemble\Microsoft.ML.Ensemble.symbols.nupkgproj
	EndProjectSection
EndProject
Project("{9A19103F-16F7-4668-BE54-9A1E7A4F7556}") = "Microsoft.ML.Experimental", "src\Microsoft.ML.Experimental\Microsoft.ML.Experimental.csproj", "{E02DA82D-3FEE-4C60-BD80-9EC3C3448DFC}"
EndProject
Global
	GlobalSection(SolutionConfigurationPlatforms) = preSolution
		Debug|Any CPU = Debug|Any CPU
		Debug-Intrinsics|Any CPU = Debug-Intrinsics|Any CPU
		Debug-netfx|Any CPU = Debug-netfx|Any CPU
		Release|Any CPU = Release|Any CPU
		Release-Intrinsics|Any CPU = Release-Intrinsics|Any CPU
		Release-netfx|Any CPU = Release-netfx|Any CPU
	EndGlobalSection
	GlobalSection(ProjectConfigurationPlatforms) = postSolution
		{A6CA6CC6-5D7C-4D7F-A0F5-35E14B383B0A}.Debug|Any CPU.ActiveCfg = Debug|Any CPU
		{A6CA6CC6-5D7C-4D7F-A0F5-35E14B383B0A}.Debug|Any CPU.Build.0 = Debug|Any CPU
		{A6CA6CC6-5D7C-4D7F-A0F5-35E14B383B0A}.Debug-Intrinsics|Any CPU.ActiveCfg = Debug-Intrinsics|Any CPU
		{A6CA6CC6-5D7C-4D7F-A0F5-35E14B383B0A}.Debug-Intrinsics|Any CPU.Build.0 = Debug-Intrinsics|Any CPU
		{A6CA6CC6-5D7C-4D7F-A0F5-35E14B383B0A}.Debug-netfx|Any CPU.ActiveCfg = Debug-netfx|Any CPU
		{A6CA6CC6-5D7C-4D7F-A0F5-35E14B383B0A}.Debug-netfx|Any CPU.Build.0 = Debug-netfx|Any CPU
		{A6CA6CC6-5D7C-4D7F-A0F5-35E14B383B0A}.Release|Any CPU.ActiveCfg = Release|Any CPU
		{A6CA6CC6-5D7C-4D7F-A0F5-35E14B383B0A}.Release|Any CPU.Build.0 = Release|Any CPU
		{A6CA6CC6-5D7C-4D7F-A0F5-35E14B383B0A}.Release-Intrinsics|Any CPU.ActiveCfg = Release-Intrinsics|Any CPU
		{A6CA6CC6-5D7C-4D7F-A0F5-35E14B383B0A}.Release-Intrinsics|Any CPU.Build.0 = Release-Intrinsics|Any CPU
		{A6CA6CC6-5D7C-4D7F-A0F5-35E14B383B0A}.Release-netfx|Any CPU.ActiveCfg = Release-netfx|Any CPU
		{A6CA6CC6-5D7C-4D7F-A0F5-35E14B383B0A}.Release-netfx|Any CPU.Build.0 = Release-netfx|Any CPU
		{EC743D1D-7691-43B7-B9B0-5F2F7018A8F6}.Debug|Any CPU.ActiveCfg = Debug|Any CPU
		{EC743D1D-7691-43B7-B9B0-5F2F7018A8F6}.Debug|Any CPU.Build.0 = Debug|Any CPU
		{EC743D1D-7691-43B7-B9B0-5F2F7018A8F6}.Debug-Intrinsics|Any CPU.ActiveCfg = Debug-Intrinsics|Any CPU
		{EC743D1D-7691-43B7-B9B0-5F2F7018A8F6}.Debug-Intrinsics|Any CPU.Build.0 = Debug-Intrinsics|Any CPU
		{EC743D1D-7691-43B7-B9B0-5F2F7018A8F6}.Debug-netfx|Any CPU.ActiveCfg = Debug-netfx|Any CPU
		{EC743D1D-7691-43B7-B9B0-5F2F7018A8F6}.Debug-netfx|Any CPU.Build.0 = Debug-netfx|Any CPU
		{EC743D1D-7691-43B7-B9B0-5F2F7018A8F6}.Release|Any CPU.ActiveCfg = Release|Any CPU
		{EC743D1D-7691-43B7-B9B0-5F2F7018A8F6}.Release|Any CPU.Build.0 = Release|Any CPU
		{EC743D1D-7691-43B7-B9B0-5F2F7018A8F6}.Release-Intrinsics|Any CPU.ActiveCfg = Release-Intrinsics|Any CPU
		{EC743D1D-7691-43B7-B9B0-5F2F7018A8F6}.Release-Intrinsics|Any CPU.Build.0 = Release-Intrinsics|Any CPU
		{EC743D1D-7691-43B7-B9B0-5F2F7018A8F6}.Release-netfx|Any CPU.ActiveCfg = Release-netfx|Any CPU
		{EC743D1D-7691-43B7-B9B0-5F2F7018A8F6}.Release-netfx|Any CPU.Build.0 = Release-netfx|Any CPU
		{46F2F967-C23F-4076-858D-33F7DA9BD2DA}.Debug|Any CPU.ActiveCfg = Debug|Any CPU
		{46F2F967-C23F-4076-858D-33F7DA9BD2DA}.Debug|Any CPU.Build.0 = Debug|Any CPU
		{46F2F967-C23F-4076-858D-33F7DA9BD2DA}.Debug-Intrinsics|Any CPU.ActiveCfg = Debug-Intrinsics|Any CPU
		{46F2F967-C23F-4076-858D-33F7DA9BD2DA}.Debug-Intrinsics|Any CPU.Build.0 = Debug-Intrinsics|Any CPU
		{46F2F967-C23F-4076-858D-33F7DA9BD2DA}.Debug-netfx|Any CPU.ActiveCfg = Debug-netfx|Any CPU
		{46F2F967-C23F-4076-858D-33F7DA9BD2DA}.Debug-netfx|Any CPU.Build.0 = Debug-netfx|Any CPU
		{46F2F967-C23F-4076-858D-33F7DA9BD2DA}.Release|Any CPU.ActiveCfg = Release|Any CPU
		{46F2F967-C23F-4076-858D-33F7DA9BD2DA}.Release|Any CPU.Build.0 = Release|Any CPU
		{46F2F967-C23F-4076-858D-33F7DA9BD2DA}.Release-Intrinsics|Any CPU.ActiveCfg = Release-Intrinsics|Any CPU
		{46F2F967-C23F-4076-858D-33F7DA9BD2DA}.Release-Intrinsics|Any CPU.Build.0 = Release-Intrinsics|Any CPU
		{46F2F967-C23F-4076-858D-33F7DA9BD2DA}.Release-netfx|Any CPU.ActiveCfg = Release-netfx|Any CPU
		{46F2F967-C23F-4076-858D-33F7DA9BD2DA}.Release-netfx|Any CPU.Build.0 = Release-netfx|Any CPU
		{AD92D96B-0E96-4F22-8DCE-892E13B1F282}.Debug|Any CPU.ActiveCfg = Debug|Any CPU
		{AD92D96B-0E96-4F22-8DCE-892E13B1F282}.Debug|Any CPU.Build.0 = Debug|Any CPU
		{AD92D96B-0E96-4F22-8DCE-892E13B1F282}.Debug-Intrinsics|Any CPU.ActiveCfg = Debug-Intrinsics|Any CPU
		{AD92D96B-0E96-4F22-8DCE-892E13B1F282}.Debug-Intrinsics|Any CPU.Build.0 = Debug-Intrinsics|Any CPU
		{AD92D96B-0E96-4F22-8DCE-892E13B1F282}.Debug-netfx|Any CPU.ActiveCfg = Debug-netfx|Any CPU
		{AD92D96B-0E96-4F22-8DCE-892E13B1F282}.Debug-netfx|Any CPU.Build.0 = Debug-netfx|Any CPU
		{AD92D96B-0E96-4F22-8DCE-892E13B1F282}.Release|Any CPU.ActiveCfg = Release|Any CPU
		{AD92D96B-0E96-4F22-8DCE-892E13B1F282}.Release|Any CPU.Build.0 = Release|Any CPU
		{AD92D96B-0E96-4F22-8DCE-892E13B1F282}.Release-Intrinsics|Any CPU.ActiveCfg = Release-Intrinsics|Any CPU
		{AD92D96B-0E96-4F22-8DCE-892E13B1F282}.Release-Intrinsics|Any CPU.Build.0 = Release-Intrinsics|Any CPU
		{AD92D96B-0E96-4F22-8DCE-892E13B1F282}.Release-netfx|Any CPU.ActiveCfg = Release-netfx|Any CPU
		{AD92D96B-0E96-4F22-8DCE-892E13B1F282}.Release-netfx|Any CPU.Build.0 = Release-netfx|Any CPU
		{65D0603E-B96C-4DFC-BDD1-705891B88C18}.Debug|Any CPU.ActiveCfg = Debug|Any CPU
		{65D0603E-B96C-4DFC-BDD1-705891B88C18}.Debug|Any CPU.Build.0 = Debug|Any CPU
		{65D0603E-B96C-4DFC-BDD1-705891B88C18}.Debug-Intrinsics|Any CPU.ActiveCfg = Debug-Intrinsics|Any CPU
		{65D0603E-B96C-4DFC-BDD1-705891B88C18}.Debug-Intrinsics|Any CPU.Build.0 = Debug-Intrinsics|Any CPU
		{65D0603E-B96C-4DFC-BDD1-705891B88C18}.Debug-netfx|Any CPU.ActiveCfg = Debug-netfx|Any CPU
		{65D0603E-B96C-4DFC-BDD1-705891B88C18}.Debug-netfx|Any CPU.Build.0 = Debug-netfx|Any CPU
		{65D0603E-B96C-4DFC-BDD1-705891B88C18}.Release|Any CPU.ActiveCfg = Release|Any CPU
		{65D0603E-B96C-4DFC-BDD1-705891B88C18}.Release|Any CPU.Build.0 = Release|Any CPU
		{65D0603E-B96C-4DFC-BDD1-705891B88C18}.Release-Intrinsics|Any CPU.ActiveCfg = Release-Intrinsics|Any CPU
		{65D0603E-B96C-4DFC-BDD1-705891B88C18}.Release-Intrinsics|Any CPU.Build.0 = Release-Intrinsics|Any CPU
		{65D0603E-B96C-4DFC-BDD1-705891B88C18}.Release-netfx|Any CPU.ActiveCfg = Release-netfx|Any CPU
		{65D0603E-B96C-4DFC-BDD1-705891B88C18}.Release-netfx|Any CPU.Build.0 = Release-netfx|Any CPU
		{707BB22C-7E5F-497A-8C2F-74578F675705}.Debug|Any CPU.ActiveCfg = Debug|Any CPU
		{707BB22C-7E5F-497A-8C2F-74578F675705}.Debug|Any CPU.Build.0 = Debug|Any CPU
		{707BB22C-7E5F-497A-8C2F-74578F675705}.Debug-Intrinsics|Any CPU.ActiveCfg = Debug-Intrinsics|Any CPU
		{707BB22C-7E5F-497A-8C2F-74578F675705}.Debug-Intrinsics|Any CPU.Build.0 = Debug-Intrinsics|Any CPU
		{707BB22C-7E5F-497A-8C2F-74578F675705}.Debug-netfx|Any CPU.ActiveCfg = Debug-netfx|Any CPU
		{707BB22C-7E5F-497A-8C2F-74578F675705}.Debug-netfx|Any CPU.Build.0 = Debug-netfx|Any CPU
		{707BB22C-7E5F-497A-8C2F-74578F675705}.Release|Any CPU.ActiveCfg = Release|Any CPU
		{707BB22C-7E5F-497A-8C2F-74578F675705}.Release|Any CPU.Build.0 = Release|Any CPU
		{707BB22C-7E5F-497A-8C2F-74578F675705}.Release-Intrinsics|Any CPU.ActiveCfg = Release-Intrinsics|Any CPU
		{707BB22C-7E5F-497A-8C2F-74578F675705}.Release-Intrinsics|Any CPU.Build.0 = Release-Intrinsics|Any CPU
		{707BB22C-7E5F-497A-8C2F-74578F675705}.Release-netfx|Any CPU.ActiveCfg = Release-netfx|Any CPU
		{707BB22C-7E5F-497A-8C2F-74578F675705}.Release-netfx|Any CPU.Build.0 = Release-netfx|Any CPU
		{2911A286-ECA4-4730-97A9-DA1FEE2DED97}.Debug|Any CPU.ActiveCfg = Debug|Any CPU
		{2911A286-ECA4-4730-97A9-DA1FEE2DED97}.Debug|Any CPU.Build.0 = Debug|Any CPU
		{2911A286-ECA4-4730-97A9-DA1FEE2DED97}.Debug-Intrinsics|Any CPU.ActiveCfg = Debug-Intrinsics|Any CPU
		{2911A286-ECA4-4730-97A9-DA1FEE2DED97}.Debug-Intrinsics|Any CPU.Build.0 = Debug-Intrinsics|Any CPU
		{2911A286-ECA4-4730-97A9-DA1FEE2DED97}.Debug-netfx|Any CPU.ActiveCfg = Debug-netfx|Any CPU
		{2911A286-ECA4-4730-97A9-DA1FEE2DED97}.Debug-netfx|Any CPU.Build.0 = Debug-netfx|Any CPU
		{2911A286-ECA4-4730-97A9-DA1FEE2DED97}.Release|Any CPU.ActiveCfg = Release|Any CPU
		{2911A286-ECA4-4730-97A9-DA1FEE2DED97}.Release|Any CPU.Build.0 = Release|Any CPU
		{2911A286-ECA4-4730-97A9-DA1FEE2DED97}.Release-Intrinsics|Any CPU.ActiveCfg = Release-Intrinsics|Any CPU
		{2911A286-ECA4-4730-97A9-DA1FEE2DED97}.Release-Intrinsics|Any CPU.Build.0 = Release-Intrinsics|Any CPU
		{2911A286-ECA4-4730-97A9-DA1FEE2DED97}.Release-netfx|Any CPU.ActiveCfg = Release-netfx|Any CPU
		{2911A286-ECA4-4730-97A9-DA1FEE2DED97}.Release-netfx|Any CPU.Build.0 = Release-netfx|Any CPU
		{F1CAE3AB-4F86-4BC0-BBA8-C4A58E7E8A4A}.Debug|Any CPU.ActiveCfg = Debug|Any CPU
		{F1CAE3AB-4F86-4BC0-BBA8-C4A58E7E8A4A}.Debug|Any CPU.Build.0 = Debug|Any CPU
		{F1CAE3AB-4F86-4BC0-BBA8-C4A58E7E8A4A}.Debug-Intrinsics|Any CPU.ActiveCfg = Debug-Intrinsics|Any CPU
		{F1CAE3AB-4F86-4BC0-BBA8-C4A58E7E8A4A}.Debug-Intrinsics|Any CPU.Build.0 = Debug-Intrinsics|Any CPU
		{F1CAE3AB-4F86-4BC0-BBA8-C4A58E7E8A4A}.Debug-netfx|Any CPU.ActiveCfg = Debug-netfx|Any CPU
		{F1CAE3AB-4F86-4BC0-BBA8-C4A58E7E8A4A}.Debug-netfx|Any CPU.Build.0 = Debug-netfx|Any CPU
		{F1CAE3AB-4F86-4BC0-BBA8-C4A58E7E8A4A}.Release|Any CPU.ActiveCfg = Release|Any CPU
		{F1CAE3AB-4F86-4BC0-BBA8-C4A58E7E8A4A}.Release|Any CPU.Build.0 = Release|Any CPU
		{F1CAE3AB-4F86-4BC0-BBA8-C4A58E7E8A4A}.Release-Intrinsics|Any CPU.ActiveCfg = Release-Intrinsics|Any CPU
		{F1CAE3AB-4F86-4BC0-BBA8-C4A58E7E8A4A}.Release-Intrinsics|Any CPU.Build.0 = Release-Intrinsics|Any CPU
		{F1CAE3AB-4F86-4BC0-BBA8-C4A58E7E8A4A}.Release-netfx|Any CPU.ActiveCfg = Release-netfx|Any CPU
		{F1CAE3AB-4F86-4BC0-BBA8-C4A58E7E8A4A}.Release-netfx|Any CPU.Build.0 = Release-netfx|Any CPU
		{58E06735-1129-4DD5-86E0-6BBFF049AAD9}.Debug|Any CPU.ActiveCfg = Debug|Any CPU
		{58E06735-1129-4DD5-86E0-6BBFF049AAD9}.Debug|Any CPU.Build.0 = Debug|Any CPU
		{58E06735-1129-4DD5-86E0-6BBFF049AAD9}.Debug-Intrinsics|Any CPU.ActiveCfg = Debug-Intrinsics|Any CPU
		{58E06735-1129-4DD5-86E0-6BBFF049AAD9}.Debug-Intrinsics|Any CPU.Build.0 = Debug-Intrinsics|Any CPU
		{58E06735-1129-4DD5-86E0-6BBFF049AAD9}.Debug-netfx|Any CPU.ActiveCfg = Debug-netfx|Any CPU
		{58E06735-1129-4DD5-86E0-6BBFF049AAD9}.Debug-netfx|Any CPU.Build.0 = Debug-netfx|Any CPU
		{58E06735-1129-4DD5-86E0-6BBFF049AAD9}.Release|Any CPU.ActiveCfg = Release|Any CPU
		{58E06735-1129-4DD5-86E0-6BBFF049AAD9}.Release|Any CPU.Build.0 = Release|Any CPU
		{58E06735-1129-4DD5-86E0-6BBFF049AAD9}.Release-Intrinsics|Any CPU.ActiveCfg = Release-Intrinsics|Any CPU
		{58E06735-1129-4DD5-86E0-6BBFF049AAD9}.Release-Intrinsics|Any CPU.Build.0 = Release-Intrinsics|Any CPU
		{58E06735-1129-4DD5-86E0-6BBFF049AAD9}.Release-netfx|Any CPU.ActiveCfg = Release-netfx|Any CPU
		{58E06735-1129-4DD5-86E0-6BBFF049AAD9}.Release-netfx|Any CPU.Build.0 = Release-netfx|Any CPU
		{64BC22D3-1E76-41EF-94D8-C79E471FF2DD}.Debug|Any CPU.ActiveCfg = Debug|Any CPU
		{64BC22D3-1E76-41EF-94D8-C79E471FF2DD}.Debug|Any CPU.Build.0 = Debug|Any CPU
		{64BC22D3-1E76-41EF-94D8-C79E471FF2DD}.Debug-Intrinsics|Any CPU.ActiveCfg = Debug-Intrinsics|Any CPU
		{64BC22D3-1E76-41EF-94D8-C79E471FF2DD}.Debug-Intrinsics|Any CPU.Build.0 = Debug-Intrinsics|Any CPU
		{64BC22D3-1E76-41EF-94D8-C79E471FF2DD}.Debug-netfx|Any CPU.ActiveCfg = Debug-netfx|Any CPU
		{64BC22D3-1E76-41EF-94D8-C79E471FF2DD}.Debug-netfx|Any CPU.Build.0 = Debug-netfx|Any CPU
		{64BC22D3-1E76-41EF-94D8-C79E471FF2DD}.Release|Any CPU.ActiveCfg = Release|Any CPU
		{64BC22D3-1E76-41EF-94D8-C79E471FF2DD}.Release|Any CPU.Build.0 = Release|Any CPU
		{64BC22D3-1E76-41EF-94D8-C79E471FF2DD}.Release-Intrinsics|Any CPU.ActiveCfg = Release-Intrinsics|Any CPU
		{64BC22D3-1E76-41EF-94D8-C79E471FF2DD}.Release-Intrinsics|Any CPU.Build.0 = Release-Intrinsics|Any CPU
		{64BC22D3-1E76-41EF-94D8-C79E471FF2DD}.Release-netfx|Any CPU.ActiveCfg = Release-netfx|Any CPU
		{64BC22D3-1E76-41EF-94D8-C79E471FF2DD}.Release-netfx|Any CPU.Build.0 = Release-netfx|Any CPU
		{B5989C06-4FFA-46C1-9D85-9366B34AB0A2}.Debug|Any CPU.ActiveCfg = Debug|Any CPU
		{B5989C06-4FFA-46C1-9D85-9366B34AB0A2}.Debug|Any CPU.Build.0 = Debug|Any CPU
		{B5989C06-4FFA-46C1-9D85-9366B34AB0A2}.Debug-Intrinsics|Any CPU.ActiveCfg = Debug-Intrinsics|Any CPU
		{B5989C06-4FFA-46C1-9D85-9366B34AB0A2}.Debug-Intrinsics|Any CPU.Build.0 = Debug-Intrinsics|Any CPU
		{B5989C06-4FFA-46C1-9D85-9366B34AB0A2}.Debug-netfx|Any CPU.ActiveCfg = Debug-netfx|Any CPU
		{B5989C06-4FFA-46C1-9D85-9366B34AB0A2}.Debug-netfx|Any CPU.Build.0 = Debug-netfx|Any CPU
		{B5989C06-4FFA-46C1-9D85-9366B34AB0A2}.Release|Any CPU.ActiveCfg = Release|Any CPU
		{B5989C06-4FFA-46C1-9D85-9366B34AB0A2}.Release|Any CPU.Build.0 = Release|Any CPU
		{B5989C06-4FFA-46C1-9D85-9366B34AB0A2}.Release-Intrinsics|Any CPU.ActiveCfg = Release-Intrinsics|Any CPU
		{B5989C06-4FFA-46C1-9D85-9366B34AB0A2}.Release-Intrinsics|Any CPU.Build.0 = Release-Intrinsics|Any CPU
		{B5989C06-4FFA-46C1-9D85-9366B34AB0A2}.Release-netfx|Any CPU.ActiveCfg = Release-netfx|Any CPU
		{B5989C06-4FFA-46C1-9D85-9366B34AB0A2}.Release-netfx|Any CPU.Build.0 = Release-netfx|Any CPU
		{6B047E09-39C9-4583-96F3-685D84CA4117}.Debug|Any CPU.ActiveCfg = Debug|Any CPU
		{6B047E09-39C9-4583-96F3-685D84CA4117}.Debug|Any CPU.Build.0 = Debug|Any CPU
		{6B047E09-39C9-4583-96F3-685D84CA4117}.Debug-Intrinsics|Any CPU.ActiveCfg = Debug-Intrinsics|Any CPU
		{6B047E09-39C9-4583-96F3-685D84CA4117}.Debug-Intrinsics|Any CPU.Build.0 = Debug-Intrinsics|Any CPU
		{6B047E09-39C9-4583-96F3-685D84CA4117}.Debug-netfx|Any CPU.ActiveCfg = Debug-netfx|Any CPU
		{6B047E09-39C9-4583-96F3-685D84CA4117}.Debug-netfx|Any CPU.Build.0 = Debug-netfx|Any CPU
		{6B047E09-39C9-4583-96F3-685D84CA4117}.Release|Any CPU.ActiveCfg = Release|Any CPU
		{6B047E09-39C9-4583-96F3-685D84CA4117}.Release|Any CPU.Build.0 = Release|Any CPU
		{6B047E09-39C9-4583-96F3-685D84CA4117}.Release-Intrinsics|Any CPU.ActiveCfg = Release-Intrinsics|Any CPU
		{6B047E09-39C9-4583-96F3-685D84CA4117}.Release-Intrinsics|Any CPU.Build.0 = Release-Intrinsics|Any CPU
		{6B047E09-39C9-4583-96F3-685D84CA4117}.Release-netfx|Any CPU.ActiveCfg = Release-netfx|Any CPU
		{6B047E09-39C9-4583-96F3-685D84CA4117}.Release-netfx|Any CPU.Build.0 = Release-netfx|Any CPU
		{CFED9F0C-FF81-4C96-8D5E-0436264CA7B5}.Debug|Any CPU.ActiveCfg = Debug|Any CPU
		{CFED9F0C-FF81-4C96-8D5E-0436264CA7B5}.Debug|Any CPU.Build.0 = Debug|Any CPU
		{CFED9F0C-FF81-4C96-8D5E-0436264CA7B5}.Debug-Intrinsics|Any CPU.ActiveCfg = Debug-Intrinsics|Any CPU
		{CFED9F0C-FF81-4C96-8D5E-0436264CA7B5}.Debug-Intrinsics|Any CPU.Build.0 = Debug-Intrinsics|Any CPU
		{CFED9F0C-FF81-4C96-8D5E-0436264CA7B5}.Debug-netfx|Any CPU.ActiveCfg = Debug-netfx|Any CPU
		{CFED9F0C-FF81-4C96-8D5E-0436264CA7B5}.Debug-netfx|Any CPU.Build.0 = Debug-netfx|Any CPU
		{CFED9F0C-FF81-4C96-8D5E-0436264CA7B5}.Release|Any CPU.ActiveCfg = Release|Any CPU
		{CFED9F0C-FF81-4C96-8D5E-0436264CA7B5}.Release|Any CPU.Build.0 = Release|Any CPU
		{CFED9F0C-FF81-4C96-8D5E-0436264CA7B5}.Release-Intrinsics|Any CPU.ActiveCfg = Release-Intrinsics|Any CPU
		{CFED9F0C-FF81-4C96-8D5E-0436264CA7B5}.Release-Intrinsics|Any CPU.Build.0 = Release-Intrinsics|Any CPU
		{CFED9F0C-FF81-4C96-8D5E-0436264CA7B5}.Release-netfx|Any CPU.ActiveCfg = Release-netfx|Any CPU
		{CFED9F0C-FF81-4C96-8D5E-0436264CA7B5}.Release-netfx|Any CPU.Build.0 = Release-netfx|Any CPU
		{3769FCC3-9AFF-4C37-97E9-6854324681DF}.Debug|Any CPU.ActiveCfg = Debug|Any CPU
		{3769FCC3-9AFF-4C37-97E9-6854324681DF}.Debug|Any CPU.Build.0 = Debug|Any CPU
		{3769FCC3-9AFF-4C37-97E9-6854324681DF}.Debug-Intrinsics|Any CPU.ActiveCfg = Debug-Intrinsics|Any CPU
		{3769FCC3-9AFF-4C37-97E9-6854324681DF}.Debug-Intrinsics|Any CPU.Build.0 = Debug-Intrinsics|Any CPU
		{3769FCC3-9AFF-4C37-97E9-6854324681DF}.Debug-netfx|Any CPU.ActiveCfg = Debug-netfx|Any CPU
		{3769FCC3-9AFF-4C37-97E9-6854324681DF}.Debug-netfx|Any CPU.Build.0 = Debug-netfx|Any CPU
		{3769FCC3-9AFF-4C37-97E9-6854324681DF}.Release|Any CPU.ActiveCfg = Release|Any CPU
		{3769FCC3-9AFF-4C37-97E9-6854324681DF}.Release|Any CPU.Build.0 = Release|Any CPU
		{3769FCC3-9AFF-4C37-97E9-6854324681DF}.Release-Intrinsics|Any CPU.ActiveCfg = Release-Intrinsics|Any CPU
		{3769FCC3-9AFF-4C37-97E9-6854324681DF}.Release-Intrinsics|Any CPU.Build.0 = Release-Intrinsics|Any CPU
		{3769FCC3-9AFF-4C37-97E9-6854324681DF}.Release-netfx|Any CPU.ActiveCfg = Release-netfx|Any CPU
		{3769FCC3-9AFF-4C37-97E9-6854324681DF}.Release-netfx|Any CPU.Build.0 = Release-netfx|Any CPU
		{B7B593C5-FB8C-4ADA-A638-5B53B47D087E}.Debug|Any CPU.ActiveCfg = Debug|Any CPU
		{B7B593C5-FB8C-4ADA-A638-5B53B47D087E}.Debug|Any CPU.Build.0 = Debug|Any CPU
		{B7B593C5-FB8C-4ADA-A638-5B53B47D087E}.Debug-Intrinsics|Any CPU.ActiveCfg = Debug-Intrinsics|Any CPU
		{B7B593C5-FB8C-4ADA-A638-5B53B47D087E}.Debug-Intrinsics|Any CPU.Build.0 = Debug-Intrinsics|Any CPU
		{B7B593C5-FB8C-4ADA-A638-5B53B47D087E}.Debug-netfx|Any CPU.ActiveCfg = Debug-netfx|Any CPU
		{B7B593C5-FB8C-4ADA-A638-5B53B47D087E}.Debug-netfx|Any CPU.Build.0 = Debug-netfx|Any CPU
		{B7B593C5-FB8C-4ADA-A638-5B53B47D087E}.Release|Any CPU.ActiveCfg = Release|Any CPU
		{B7B593C5-FB8C-4ADA-A638-5B53B47D087E}.Release|Any CPU.Build.0 = Release|Any CPU
		{B7B593C5-FB8C-4ADA-A638-5B53B47D087E}.Release-Intrinsics|Any CPU.ActiveCfg = Release-Intrinsics|Any CPU
		{B7B593C5-FB8C-4ADA-A638-5B53B47D087E}.Release-Intrinsics|Any CPU.Build.0 = Release-Intrinsics|Any CPU
		{B7B593C5-FB8C-4ADA-A638-5B53B47D087E}.Release-netfx|Any CPU.ActiveCfg = Release-netfx|Any CPU
		{B7B593C5-FB8C-4ADA-A638-5B53B47D087E}.Release-netfx|Any CPU.Build.0 = Release-netfx|Any CPU
		{16BB1454-2108-40E5-B3A6-594654005303}.Debug|Any CPU.ActiveCfg = Debug|Any CPU
		{16BB1454-2108-40E5-B3A6-594654005303}.Debug|Any CPU.Build.0 = Debug|Any CPU
		{16BB1454-2108-40E5-B3A6-594654005303}.Debug-Intrinsics|Any CPU.ActiveCfg = Debug-Intrinsics|Any CPU
		{16BB1454-2108-40E5-B3A6-594654005303}.Debug-Intrinsics|Any CPU.Build.0 = Debug-Intrinsics|Any CPU
		{16BB1454-2108-40E5-B3A6-594654005303}.Debug-netfx|Any CPU.ActiveCfg = Debug-netfx|Any CPU
		{16BB1454-2108-40E5-B3A6-594654005303}.Debug-netfx|Any CPU.Build.0 = Debug-netfx|Any CPU
		{16BB1454-2108-40E5-B3A6-594654005303}.Release|Any CPU.ActiveCfg = Release|Any CPU
		{16BB1454-2108-40E5-B3A6-594654005303}.Release|Any CPU.Build.0 = Release|Any CPU
		{16BB1454-2108-40E5-B3A6-594654005303}.Release-Intrinsics|Any CPU.ActiveCfg = Release-Intrinsics|Any CPU
		{16BB1454-2108-40E5-B3A6-594654005303}.Release-Intrinsics|Any CPU.Build.0 = Release-Intrinsics|Any CPU
		{16BB1454-2108-40E5-B3A6-594654005303}.Release-netfx|Any CPU.ActiveCfg = Release-netfx|Any CPU
		{16BB1454-2108-40E5-B3A6-594654005303}.Release-netfx|Any CPU.Build.0 = Release-netfx|Any CPU
		{55C8122D-79EA-48AB-85D0-EB551FC1C427}.Debug|Any CPU.ActiveCfg = Debug|Any CPU
		{55C8122D-79EA-48AB-85D0-EB551FC1C427}.Debug|Any CPU.Build.0 = Debug|Any CPU
		{55C8122D-79EA-48AB-85D0-EB551FC1C427}.Debug-Intrinsics|Any CPU.ActiveCfg = Debug-Intrinsics|Any CPU
		{55C8122D-79EA-48AB-85D0-EB551FC1C427}.Debug-Intrinsics|Any CPU.Build.0 = Debug-Intrinsics|Any CPU
		{55C8122D-79EA-48AB-85D0-EB551FC1C427}.Debug-netfx|Any CPU.ActiveCfg = Debug-netfx|Any CPU
		{55C8122D-79EA-48AB-85D0-EB551FC1C427}.Debug-netfx|Any CPU.Build.0 = Debug-netfx|Any CPU
		{55C8122D-79EA-48AB-85D0-EB551FC1C427}.Release|Any CPU.ActiveCfg = Release|Any CPU
		{55C8122D-79EA-48AB-85D0-EB551FC1C427}.Release|Any CPU.Build.0 = Release|Any CPU
		{55C8122D-79EA-48AB-85D0-EB551FC1C427}.Release-Intrinsics|Any CPU.ActiveCfg = Release-Intrinsics|Any CPU
		{55C8122D-79EA-48AB-85D0-EB551FC1C427}.Release-Intrinsics|Any CPU.Build.0 = Release-Intrinsics|Any CPU
		{55C8122D-79EA-48AB-85D0-EB551FC1C427}.Release-netfx|Any CPU.ActiveCfg = Release-netfx|Any CPU
		{55C8122D-79EA-48AB-85D0-EB551FC1C427}.Release-netfx|Any CPU.Build.0 = Release-netfx|Any CPU
		{7A9DB75F-2CA5-4184-9EF5-1F17EB39483F}.Debug|Any CPU.ActiveCfg = Debug|Any CPU
		{7A9DB75F-2CA5-4184-9EF5-1F17EB39483F}.Debug|Any CPU.Build.0 = Debug|Any CPU
		{7A9DB75F-2CA5-4184-9EF5-1F17EB39483F}.Debug-Intrinsics|Any CPU.ActiveCfg = Debug-Intrinsics|Any CPU
		{7A9DB75F-2CA5-4184-9EF5-1F17EB39483F}.Debug-Intrinsics|Any CPU.Build.0 = Debug-Intrinsics|Any CPU
		{7A9DB75F-2CA5-4184-9EF5-1F17EB39483F}.Debug-netfx|Any CPU.ActiveCfg = Debug-netfx|Any CPU
		{7A9DB75F-2CA5-4184-9EF5-1F17EB39483F}.Debug-netfx|Any CPU.Build.0 = Debug-netfx|Any CPU
		{7A9DB75F-2CA5-4184-9EF5-1F17EB39483F}.Release|Any CPU.ActiveCfg = Release|Any CPU
		{7A9DB75F-2CA5-4184-9EF5-1F17EB39483F}.Release|Any CPU.Build.0 = Release|Any CPU
		{7A9DB75F-2CA5-4184-9EF5-1F17EB39483F}.Release-Intrinsics|Any CPU.ActiveCfg = Release-Intrinsics|Any CPU
		{7A9DB75F-2CA5-4184-9EF5-1F17EB39483F}.Release-Intrinsics|Any CPU.Build.0 = Release-Intrinsics|Any CPU
		{7A9DB75F-2CA5-4184-9EF5-1F17EB39483F}.Release-netfx|Any CPU.ActiveCfg = Release-netfx|Any CPU
		{7A9DB75F-2CA5-4184-9EF5-1F17EB39483F}.Release-netfx|Any CPU.Build.0 = Release-netfx|Any CPU
		{64F40A0D-D4C2-4AA7-8470-E9CC437827E4}.Debug|Any CPU.ActiveCfg = Debug|Any CPU
		{64F40A0D-D4C2-4AA7-8470-E9CC437827E4}.Debug|Any CPU.Build.0 = Debug|Any CPU
		{64F40A0D-D4C2-4AA7-8470-E9CC437827E4}.Debug-Intrinsics|Any CPU.ActiveCfg = Debug-Intrinsics|Any CPU
		{64F40A0D-D4C2-4AA7-8470-E9CC437827E4}.Debug-Intrinsics|Any CPU.Build.0 = Debug-Intrinsics|Any CPU
		{64F40A0D-D4C2-4AA7-8470-E9CC437827E4}.Debug-netfx|Any CPU.ActiveCfg = Debug-netfx|Any CPU
		{64F40A0D-D4C2-4AA7-8470-E9CC437827E4}.Debug-netfx|Any CPU.Build.0 = Debug-netfx|Any CPU
		{64F40A0D-D4C2-4AA7-8470-E9CC437827E4}.Release|Any CPU.ActiveCfg = Release|Any CPU
		{64F40A0D-D4C2-4AA7-8470-E9CC437827E4}.Release|Any CPU.Build.0 = Release|Any CPU
		{64F40A0D-D4C2-4AA7-8470-E9CC437827E4}.Release-Intrinsics|Any CPU.ActiveCfg = Release-Intrinsics|Any CPU
		{64F40A0D-D4C2-4AA7-8470-E9CC437827E4}.Release-Intrinsics|Any CPU.Build.0 = Release-Intrinsics|Any CPU
		{64F40A0D-D4C2-4AA7-8470-E9CC437827E4}.Release-netfx|Any CPU.ActiveCfg = Release-netfx|Any CPU
		{64F40A0D-D4C2-4AA7-8470-E9CC437827E4}.Release-netfx|Any CPU.Build.0 = Release-netfx|Any CPU
		{362A98CF-FBF7-4EBB-A11B-990BBF845B15}.Debug|Any CPU.ActiveCfg = Debug|Any CPU
		{362A98CF-FBF7-4EBB-A11B-990BBF845B15}.Debug|Any CPU.Build.0 = Debug|Any CPU
		{362A98CF-FBF7-4EBB-A11B-990BBF845B15}.Debug-Intrinsics|Any CPU.ActiveCfg = Debug-Intrinsics|Any CPU
		{362A98CF-FBF7-4EBB-A11B-990BBF845B15}.Debug-Intrinsics|Any CPU.Build.0 = Debug-Intrinsics|Any CPU
		{362A98CF-FBF7-4EBB-A11B-990BBF845B15}.Debug-netfx|Any CPU.ActiveCfg = Debug-netfx|Any CPU
		{362A98CF-FBF7-4EBB-A11B-990BBF845B15}.Debug-netfx|Any CPU.Build.0 = Debug-netfx|Any CPU
		{362A98CF-FBF7-4EBB-A11B-990BBF845B15}.Release|Any CPU.ActiveCfg = Release|Any CPU
		{362A98CF-FBF7-4EBB-A11B-990BBF845B15}.Release|Any CPU.Build.0 = Release|Any CPU
		{362A98CF-FBF7-4EBB-A11B-990BBF845B15}.Release-Intrinsics|Any CPU.ActiveCfg = Release-Intrinsics|Any CPU
		{362A98CF-FBF7-4EBB-A11B-990BBF845B15}.Release-Intrinsics|Any CPU.Build.0 = Release-Intrinsics|Any CPU
		{362A98CF-FBF7-4EBB-A11B-990BBF845B15}.Release-netfx|Any CPU.ActiveCfg = Release-netfx|Any CPU
		{362A98CF-FBF7-4EBB-A11B-990BBF845B15}.Release-netfx|Any CPU.Build.0 = Release-netfx|Any CPU
		{3DEB504D-7A07-48CE-91A2-8047461CB3D4}.Debug|Any CPU.ActiveCfg = Debug|Any CPU
		{3DEB504D-7A07-48CE-91A2-8047461CB3D4}.Debug|Any CPU.Build.0 = Debug|Any CPU
		{3DEB504D-7A07-48CE-91A2-8047461CB3D4}.Debug-Intrinsics|Any CPU.ActiveCfg = Debug-Intrinsics|Any CPU
		{3DEB504D-7A07-48CE-91A2-8047461CB3D4}.Debug-Intrinsics|Any CPU.Build.0 = Debug-Intrinsics|Any CPU
		{3DEB504D-7A07-48CE-91A2-8047461CB3D4}.Debug-netfx|Any CPU.ActiveCfg = Debug-netfx|Any CPU
		{3DEB504D-7A07-48CE-91A2-8047461CB3D4}.Debug-netfx|Any CPU.Build.0 = Debug-netfx|Any CPU
		{3DEB504D-7A07-48CE-91A2-8047461CB3D4}.Release|Any CPU.ActiveCfg = Release|Any CPU
		{3DEB504D-7A07-48CE-91A2-8047461CB3D4}.Release|Any CPU.Build.0 = Release|Any CPU
		{3DEB504D-7A07-48CE-91A2-8047461CB3D4}.Release-Intrinsics|Any CPU.ActiveCfg = Release-Intrinsics|Any CPU
		{3DEB504D-7A07-48CE-91A2-8047461CB3D4}.Release-Intrinsics|Any CPU.Build.0 = Release-Intrinsics|Any CPU
		{3DEB504D-7A07-48CE-91A2-8047461CB3D4}.Release-netfx|Any CPU.ActiveCfg = Release-netfx|Any CPU
		{3DEB504D-7A07-48CE-91A2-8047461CB3D4}.Release-netfx|Any CPU.Build.0 = Release-netfx|Any CPU
		{001F3B4E-FBE4-4001-AFD2-A6A989CD1C25}.Debug|Any CPU.ActiveCfg = Debug|Any CPU
		{001F3B4E-FBE4-4001-AFD2-A6A989CD1C25}.Debug|Any CPU.Build.0 = Debug|Any CPU
		{001F3B4E-FBE4-4001-AFD2-A6A989CD1C25}.Debug-Intrinsics|Any CPU.ActiveCfg = Debug-Intrinsics|Any CPU
		{001F3B4E-FBE4-4001-AFD2-A6A989CD1C25}.Debug-Intrinsics|Any CPU.Build.0 = Debug-Intrinsics|Any CPU
		{001F3B4E-FBE4-4001-AFD2-A6A989CD1C25}.Debug-netfx|Any CPU.ActiveCfg = Debug-netfx|Any CPU
		{001F3B4E-FBE4-4001-AFD2-A6A989CD1C25}.Debug-netfx|Any CPU.Build.0 = Debug-netfx|Any CPU
		{001F3B4E-FBE4-4001-AFD2-A6A989CD1C25}.Release|Any CPU.ActiveCfg = Release|Any CPU
		{001F3B4E-FBE4-4001-AFD2-A6A989CD1C25}.Release|Any CPU.Build.0 = Release|Any CPU
		{001F3B4E-FBE4-4001-AFD2-A6A989CD1C25}.Release-Intrinsics|Any CPU.ActiveCfg = Release-Intrinsics|Any CPU
		{001F3B4E-FBE4-4001-AFD2-A6A989CD1C25}.Release-Intrinsics|Any CPU.Build.0 = Release-Intrinsics|Any CPU
		{001F3B4E-FBE4-4001-AFD2-A6A989CD1C25}.Release-netfx|Any CPU.ActiveCfg = Release-netfx|Any CPU
		{001F3B4E-FBE4-4001-AFD2-A6A989CD1C25}.Release-netfx|Any CPU.Build.0 = Release-netfx|Any CPU
		{DCF46B79-1FDB-4DBA-A263-D3D64E3AAA27}.Debug|Any CPU.ActiveCfg = Debug|Any CPU
		{DCF46B79-1FDB-4DBA-A263-D3D64E3AAA27}.Debug|Any CPU.Build.0 = Debug|Any CPU
		{DCF46B79-1FDB-4DBA-A263-D3D64E3AAA27}.Debug-Intrinsics|Any CPU.ActiveCfg = Debug-Intrinsics|Any CPU
		{DCF46B79-1FDB-4DBA-A263-D3D64E3AAA27}.Debug-Intrinsics|Any CPU.Build.0 = Debug-Intrinsics|Any CPU
		{DCF46B79-1FDB-4DBA-A263-D3D64E3AAA27}.Debug-netfx|Any CPU.ActiveCfg = Debug-netfx|Any CPU
		{DCF46B79-1FDB-4DBA-A263-D3D64E3AAA27}.Debug-netfx|Any CPU.Build.0 = Debug-netfx|Any CPU
		{DCF46B79-1FDB-4DBA-A263-D3D64E3AAA27}.Release|Any CPU.ActiveCfg = Release|Any CPU
		{DCF46B79-1FDB-4DBA-A263-D3D64E3AAA27}.Release|Any CPU.Build.0 = Release|Any CPU
		{DCF46B79-1FDB-4DBA-A263-D3D64E3AAA27}.Release-Intrinsics|Any CPU.ActiveCfg = Release-Intrinsics|Any CPU
		{DCF46B79-1FDB-4DBA-A263-D3D64E3AAA27}.Release-Intrinsics|Any CPU.Build.0 = Release-Intrinsics|Any CPU
		{DCF46B79-1FDB-4DBA-A263-D3D64E3AAA27}.Release-netfx|Any CPU.ActiveCfg = Release-netfx|Any CPU
		{DCF46B79-1FDB-4DBA-A263-D3D64E3AAA27}.Release-netfx|Any CPU.Build.0 = Release-netfx|Any CPU
		{B4E55B2D-2A92-46E7-B72F-E76D6FD83440}.Debug|Any CPU.ActiveCfg = Debug|Any CPU
		{B4E55B2D-2A92-46E7-B72F-E76D6FD83440}.Debug|Any CPU.Build.0 = Debug|Any CPU
		{B4E55B2D-2A92-46E7-B72F-E76D6FD83440}.Debug-Intrinsics|Any CPU.ActiveCfg = Debug-Intrinsics|Any CPU
		{B4E55B2D-2A92-46E7-B72F-E76D6FD83440}.Debug-Intrinsics|Any CPU.Build.0 = Debug-Intrinsics|Any CPU
		{B4E55B2D-2A92-46E7-B72F-E76D6FD83440}.Debug-netfx|Any CPU.ActiveCfg = Debug-netfx|Any CPU
		{B4E55B2D-2A92-46E7-B72F-E76D6FD83440}.Debug-netfx|Any CPU.Build.0 = Debug-netfx|Any CPU
		{B4E55B2D-2A92-46E7-B72F-E76D6FD83440}.Release|Any CPU.ActiveCfg = Release|Any CPU
		{B4E55B2D-2A92-46E7-B72F-E76D6FD83440}.Release|Any CPU.Build.0 = Release|Any CPU
		{B4E55B2D-2A92-46E7-B72F-E76D6FD83440}.Release-Intrinsics|Any CPU.ActiveCfg = Release-Intrinsics|Any CPU
		{B4E55B2D-2A92-46E7-B72F-E76D6FD83440}.Release-Intrinsics|Any CPU.Build.0 = Release-Intrinsics|Any CPU
		{B4E55B2D-2A92-46E7-B72F-E76D6FD83440}.Release-netfx|Any CPU.ActiveCfg = Release-netfx|Any CPU
		{B4E55B2D-2A92-46E7-B72F-E76D6FD83440}.Release-netfx|Any CPU.Build.0 = Release-netfx|Any CPU
		{3E4ABF07-7970-4BE6-B45B-A13D3C397545}.Debug|Any CPU.ActiveCfg = Debug|Any CPU
		{3E4ABF07-7970-4BE6-B45B-A13D3C397545}.Debug|Any CPU.Build.0 = Debug|Any CPU
		{3E4ABF07-7970-4BE6-B45B-A13D3C397545}.Debug-Intrinsics|Any CPU.ActiveCfg = Debug-Intrinsics|Any CPU
		{3E4ABF07-7970-4BE6-B45B-A13D3C397545}.Debug-Intrinsics|Any CPU.Build.0 = Debug-Intrinsics|Any CPU
		{3E4ABF07-7970-4BE6-B45B-A13D3C397545}.Debug-netfx|Any CPU.ActiveCfg = Debug-netfx|Any CPU
		{3E4ABF07-7970-4BE6-B45B-A13D3C397545}.Debug-netfx|Any CPU.Build.0 = Debug-netfx|Any CPU
		{3E4ABF07-7970-4BE6-B45B-A13D3C397545}.Release|Any CPU.ActiveCfg = Release|Any CPU
		{3E4ABF07-7970-4BE6-B45B-A13D3C397545}.Release|Any CPU.Build.0 = Release|Any CPU
		{3E4ABF07-7970-4BE6-B45B-A13D3C397545}.Release-Intrinsics|Any CPU.ActiveCfg = Release-Intrinsics|Any CPU
		{3E4ABF07-7970-4BE6-B45B-A13D3C397545}.Release-Intrinsics|Any CPU.Build.0 = Release-Intrinsics|Any CPU
		{3E4ABF07-7970-4BE6-B45B-A13D3C397545}.Release-netfx|Any CPU.ActiveCfg = Release-netfx|Any CPU
		{3E4ABF07-7970-4BE6-B45B-A13D3C397545}.Release-netfx|Any CPU.Build.0 = Release-netfx|Any CPU
		{7333EDEF-4144-405C-A5EC-6F42201857D8}.Debug|Any CPU.ActiveCfg = Debug|Any CPU
		{7333EDEF-4144-405C-A5EC-6F42201857D8}.Debug|Any CPU.Build.0 = Debug|Any CPU
		{7333EDEF-4144-405C-A5EC-6F42201857D8}.Debug-Intrinsics|Any CPU.ActiveCfg = Debug-Intrinsics|Any CPU
		{7333EDEF-4144-405C-A5EC-6F42201857D8}.Debug-Intrinsics|Any CPU.Build.0 = Debug-Intrinsics|Any CPU
		{7333EDEF-4144-405C-A5EC-6F42201857D8}.Debug-netfx|Any CPU.ActiveCfg = Debug-netfx|Any CPU
		{7333EDEF-4144-405C-A5EC-6F42201857D8}.Debug-netfx|Any CPU.Build.0 = Debug-netfx|Any CPU
		{7333EDEF-4144-405C-A5EC-6F42201857D8}.Release|Any CPU.ActiveCfg = Release|Any CPU
		{7333EDEF-4144-405C-A5EC-6F42201857D8}.Release|Any CPU.Build.0 = Release|Any CPU
		{7333EDEF-4144-405C-A5EC-6F42201857D8}.Release-Intrinsics|Any CPU.ActiveCfg = Release-Intrinsics|Any CPU
		{7333EDEF-4144-405C-A5EC-6F42201857D8}.Release-Intrinsics|Any CPU.Build.0 = Release-Intrinsics|Any CPU
		{7333EDEF-4144-405C-A5EC-6F42201857D8}.Release-netfx|Any CPU.ActiveCfg = Release-netfx|Any CPU
		{7333EDEF-4144-405C-A5EC-6F42201857D8}.Release-netfx|Any CPU.Build.0 = Release-netfx|Any CPU
		{A0E562A9-0E6D-470D-B180-6EB44BA84D60}.Debug|Any CPU.ActiveCfg = Debug|Any CPU
		{A0E562A9-0E6D-470D-B180-6EB44BA84D60}.Debug|Any CPU.Build.0 = Debug|Any CPU
		{A0E562A9-0E6D-470D-B180-6EB44BA84D60}.Debug-Intrinsics|Any CPU.ActiveCfg = Debug-Intrinsics|Any CPU
		{A0E562A9-0E6D-470D-B180-6EB44BA84D60}.Debug-Intrinsics|Any CPU.Build.0 = Debug-Intrinsics|Any CPU
		{A0E562A9-0E6D-470D-B180-6EB44BA84D60}.Debug-netfx|Any CPU.ActiveCfg = Debug-netfx|Any CPU
		{A0E562A9-0E6D-470D-B180-6EB44BA84D60}.Debug-netfx|Any CPU.Build.0 = Debug-netfx|Any CPU
		{A0E562A9-0E6D-470D-B180-6EB44BA84D60}.Release|Any CPU.ActiveCfg = Release|Any CPU
		{A0E562A9-0E6D-470D-B180-6EB44BA84D60}.Release|Any CPU.Build.0 = Release|Any CPU
		{A0E562A9-0E6D-470D-B180-6EB44BA84D60}.Release-Intrinsics|Any CPU.ActiveCfg = Release-Intrinsics|Any CPU
		{A0E562A9-0E6D-470D-B180-6EB44BA84D60}.Release-Intrinsics|Any CPU.Build.0 = Release-Intrinsics|Any CPU
		{A0E562A9-0E6D-470D-B180-6EB44BA84D60}.Release-netfx|Any CPU.ActiveCfg = Release-netfx|Any CPU
		{A0E562A9-0E6D-470D-B180-6EB44BA84D60}.Release-netfx|Any CPU.Build.0 = Release-netfx|Any CPU
		{5F81A2A4-73AD-494C-B387-07D605EC8826}.Debug|Any CPU.ActiveCfg = Debug|Any CPU
		{5F81A2A4-73AD-494C-B387-07D605EC8826}.Debug|Any CPU.Build.0 = Debug|Any CPU
		{5F81A2A4-73AD-494C-B387-07D605EC8826}.Debug-Intrinsics|Any CPU.ActiveCfg = Debug-Intrinsics|Any CPU
		{5F81A2A4-73AD-494C-B387-07D605EC8826}.Debug-Intrinsics|Any CPU.Build.0 = Debug-Intrinsics|Any CPU
		{5F81A2A4-73AD-494C-B387-07D605EC8826}.Debug-netfx|Any CPU.ActiveCfg = Debug-netfx|Any CPU
		{5F81A2A4-73AD-494C-B387-07D605EC8826}.Debug-netfx|Any CPU.Build.0 = Debug-netfx|Any CPU
		{5F81A2A4-73AD-494C-B387-07D605EC8826}.Release|Any CPU.ActiveCfg = Release|Any CPU
		{5F81A2A4-73AD-494C-B387-07D605EC8826}.Release|Any CPU.Build.0 = Release|Any CPU
		{5F81A2A4-73AD-494C-B387-07D605EC8826}.Release-Intrinsics|Any CPU.ActiveCfg = Release-Intrinsics|Any CPU
		{5F81A2A4-73AD-494C-B387-07D605EC8826}.Release-Intrinsics|Any CPU.Build.0 = Release-Intrinsics|Any CPU
		{5F81A2A4-73AD-494C-B387-07D605EC8826}.Release-netfx|Any CPU.ActiveCfg = Release-netfx|Any CPU
		{5F81A2A4-73AD-494C-B387-07D605EC8826}.Release-netfx|Any CPU.Build.0 = Release-netfx|Any CPU
		{802233D6-8CC0-46AD-9F23-FEE1E9AED9B3}.Debug|Any CPU.ActiveCfg = Debug|Any CPU
		{802233D6-8CC0-46AD-9F23-FEE1E9AED9B3}.Debug|Any CPU.Build.0 = Debug|Any CPU
		{802233D6-8CC0-46AD-9F23-FEE1E9AED9B3}.Debug-Intrinsics|Any CPU.ActiveCfg = Debug-Intrinsics|Any CPU
		{802233D6-8CC0-46AD-9F23-FEE1E9AED9B3}.Debug-Intrinsics|Any CPU.Build.0 = Debug-Intrinsics|Any CPU
		{802233D6-8CC0-46AD-9F23-FEE1E9AED9B3}.Debug-netfx|Any CPU.ActiveCfg = Debug-netfx|Any CPU
		{802233D6-8CC0-46AD-9F23-FEE1E9AED9B3}.Debug-netfx|Any CPU.Build.0 = Debug-netfx|Any CPU
		{802233D6-8CC0-46AD-9F23-FEE1E9AED9B3}.Release|Any CPU.ActiveCfg = Release|Any CPU
		{802233D6-8CC0-46AD-9F23-FEE1E9AED9B3}.Release|Any CPU.Build.0 = Release|Any CPU
		{802233D6-8CC0-46AD-9F23-FEE1E9AED9B3}.Release-Intrinsics|Any CPU.ActiveCfg = Release-Intrinsics|Any CPU
		{802233D6-8CC0-46AD-9F23-FEE1E9AED9B3}.Release-Intrinsics|Any CPU.Build.0 = Release-Intrinsics|Any CPU
		{802233D6-8CC0-46AD-9F23-FEE1E9AED9B3}.Release-netfx|Any CPU.ActiveCfg = Release-netfx|Any CPU
		{802233D6-8CC0-46AD-9F23-FEE1E9AED9B3}.Release-netfx|Any CPU.Build.0 = Release-netfx|Any CPU
		{00E38F77-1E61-4CDF-8F97-1417D4E85053}.Debug|Any CPU.ActiveCfg = Debug|Any CPU
		{00E38F77-1E61-4CDF-8F97-1417D4E85053}.Debug|Any CPU.Build.0 = Debug|Any CPU
		{00E38F77-1E61-4CDF-8F97-1417D4E85053}.Debug-Intrinsics|Any CPU.ActiveCfg = Debug-Intrinsics|Any CPU
		{00E38F77-1E61-4CDF-8F97-1417D4E85053}.Debug-Intrinsics|Any CPU.Build.0 = Debug-Intrinsics|Any CPU
		{00E38F77-1E61-4CDF-8F97-1417D4E85053}.Debug-netfx|Any CPU.ActiveCfg = Debug-netfx|Any CPU
		{00E38F77-1E61-4CDF-8F97-1417D4E85053}.Debug-netfx|Any CPU.Build.0 = Debug-netfx|Any CPU
		{00E38F77-1E61-4CDF-8F97-1417D4E85053}.Release|Any CPU.ActiveCfg = Release|Any CPU
		{00E38F77-1E61-4CDF-8F97-1417D4E85053}.Release|Any CPU.Build.0 = Release|Any CPU
		{00E38F77-1E61-4CDF-8F97-1417D4E85053}.Release-Intrinsics|Any CPU.ActiveCfg = Release-Intrinsics|Any CPU
		{00E38F77-1E61-4CDF-8F97-1417D4E85053}.Release-Intrinsics|Any CPU.Build.0 = Release-Intrinsics|Any CPU
		{00E38F77-1E61-4CDF-8F97-1417D4E85053}.Release-netfx|Any CPU.ActiveCfg = Release-netfx|Any CPU
		{00E38F77-1E61-4CDF-8F97-1417D4E85053}.Release-netfx|Any CPU.Build.0 = Release-netfx|Any CPU
		{A7222F41-1CF0-47D9-B80C-B4D77B027A61}.Debug|Any CPU.ActiveCfg = Debug|Any CPU
		{A7222F41-1CF0-47D9-B80C-B4D77B027A61}.Debug|Any CPU.Build.0 = Debug|Any CPU
		{A7222F41-1CF0-47D9-B80C-B4D77B027A61}.Debug-Intrinsics|Any CPU.ActiveCfg = Debug-Intrinsics|Any CPU
		{A7222F41-1CF0-47D9-B80C-B4D77B027A61}.Debug-Intrinsics|Any CPU.Build.0 = Debug-Intrinsics|Any CPU
		{A7222F41-1CF0-47D9-B80C-B4D77B027A61}.Debug-netfx|Any CPU.ActiveCfg = Debug-netfx|Any CPU
		{A7222F41-1CF0-47D9-B80C-B4D77B027A61}.Debug-netfx|Any CPU.Build.0 = Debug-netfx|Any CPU
		{A7222F41-1CF0-47D9-B80C-B4D77B027A61}.Release|Any CPU.ActiveCfg = Release|Any CPU
		{A7222F41-1CF0-47D9-B80C-B4D77B027A61}.Release|Any CPU.Build.0 = Release|Any CPU
		{A7222F41-1CF0-47D9-B80C-B4D77B027A61}.Release-Intrinsics|Any CPU.ActiveCfg = Release-Intrinsics|Any CPU
		{A7222F41-1CF0-47D9-B80C-B4D77B027A61}.Release-Intrinsics|Any CPU.Build.0 = Release-Intrinsics|Any CPU
		{A7222F41-1CF0-47D9-B80C-B4D77B027A61}.Release-netfx|Any CPU.ActiveCfg = Release-netfx|Any CPU
		{A7222F41-1CF0-47D9-B80C-B4D77B027A61}.Release-netfx|Any CPU.Build.0 = Release-netfx|Any CPU
		{570A0B8A-5463-44D2-8521-54C0CA4CACA9}.Debug|Any CPU.ActiveCfg = Debug|Any CPU
		{570A0B8A-5463-44D2-8521-54C0CA4CACA9}.Debug|Any CPU.Build.0 = Debug|Any CPU
		{570A0B8A-5463-44D2-8521-54C0CA4CACA9}.Debug-Intrinsics|Any CPU.ActiveCfg = Debug-Intrinsics|Any CPU
		{570A0B8A-5463-44D2-8521-54C0CA4CACA9}.Debug-Intrinsics|Any CPU.Build.0 = Debug-Intrinsics|Any CPU
		{570A0B8A-5463-44D2-8521-54C0CA4CACA9}.Debug-netfx|Any CPU.ActiveCfg = Debug-netfx|Any CPU
		{570A0B8A-5463-44D2-8521-54C0CA4CACA9}.Debug-netfx|Any CPU.Build.0 = Debug-netfx|Any CPU
		{570A0B8A-5463-44D2-8521-54C0CA4CACA9}.Release|Any CPU.ActiveCfg = Release|Any CPU
		{570A0B8A-5463-44D2-8521-54C0CA4CACA9}.Release|Any CPU.Build.0 = Release|Any CPU
		{570A0B8A-5463-44D2-8521-54C0CA4CACA9}.Release-Intrinsics|Any CPU.ActiveCfg = Release-Intrinsics|Any CPU
		{570A0B8A-5463-44D2-8521-54C0CA4CACA9}.Release-Intrinsics|Any CPU.Build.0 = Release-Intrinsics|Any CPU
		{570A0B8A-5463-44D2-8521-54C0CA4CACA9}.Release-netfx|Any CPU.ActiveCfg = Release-netfx|Any CPU
		{570A0B8A-5463-44D2-8521-54C0CA4CACA9}.Release-netfx|Any CPU.Build.0 = Release-netfx|Any CPU
		{6DEF0F40-3853-47B3-8165-5F24BA5E14DF}.Debug|Any CPU.ActiveCfg = Debug|Any CPU
		{6DEF0F40-3853-47B3-8165-5F24BA5E14DF}.Debug|Any CPU.Build.0 = Debug|Any CPU
		{6DEF0F40-3853-47B3-8165-5F24BA5E14DF}.Debug-Intrinsics|Any CPU.ActiveCfg = Debug-Intrinsics|Any CPU
		{6DEF0F40-3853-47B3-8165-5F24BA5E14DF}.Debug-Intrinsics|Any CPU.Build.0 = Debug-Intrinsics|Any CPU
		{6DEF0F40-3853-47B3-8165-5F24BA5E14DF}.Debug-netfx|Any CPU.ActiveCfg = Debug-netfx|Any CPU
		{6DEF0F40-3853-47B3-8165-5F24BA5E14DF}.Debug-netfx|Any CPU.Build.0 = Debug-netfx|Any CPU
		{6DEF0F40-3853-47B3-8165-5F24BA5E14DF}.Release|Any CPU.ActiveCfg = Release|Any CPU
		{6DEF0F40-3853-47B3-8165-5F24BA5E14DF}.Release|Any CPU.Build.0 = Release|Any CPU
		{6DEF0F40-3853-47B3-8165-5F24BA5E14DF}.Release-Intrinsics|Any CPU.ActiveCfg = Release-Intrinsics|Any CPU
		{6DEF0F40-3853-47B3-8165-5F24BA5E14DF}.Release-Intrinsics|Any CPU.Build.0 = Release-Intrinsics|Any CPU
		{6DEF0F40-3853-47B3-8165-5F24BA5E14DF}.Release-netfx|Any CPU.ActiveCfg = Release-netfx|Any CPU
		{6DEF0F40-3853-47B3-8165-5F24BA5E14DF}.Release-netfx|Any CPU.Build.0 = Release-netfx|Any CPU
		{8B38BF24-35F4-4787-A9C5-22D35987106E}.Debug|Any CPU.ActiveCfg = Debug|Any CPU
		{8B38BF24-35F4-4787-A9C5-22D35987106E}.Debug|Any CPU.Build.0 = Debug|Any CPU
		{8B38BF24-35F4-4787-A9C5-22D35987106E}.Debug-Intrinsics|Any CPU.ActiveCfg = Debug-Intrinsics|Any CPU
		{8B38BF24-35F4-4787-A9C5-22D35987106E}.Debug-Intrinsics|Any CPU.Build.0 = Debug-Intrinsics|Any CPU
		{8B38BF24-35F4-4787-A9C5-22D35987106E}.Debug-netfx|Any CPU.ActiveCfg = Debug-netfx|Any CPU
		{8B38BF24-35F4-4787-A9C5-22D35987106E}.Debug-netfx|Any CPU.Build.0 = Debug-netfx|Any CPU
		{8B38BF24-35F4-4787-A9C5-22D35987106E}.Release|Any CPU.ActiveCfg = Release|Any CPU
		{8B38BF24-35F4-4787-A9C5-22D35987106E}.Release|Any CPU.Build.0 = Release|Any CPU
		{8B38BF24-35F4-4787-A9C5-22D35987106E}.Release-Intrinsics|Any CPU.ActiveCfg = Release-Intrinsics|Any CPU
		{8B38BF24-35F4-4787-A9C5-22D35987106E}.Release-Intrinsics|Any CPU.Build.0 = Release-Intrinsics|Any CPU
		{8B38BF24-35F4-4787-A9C5-22D35987106E}.Release-netfx|Any CPU.ActiveCfg = Release-netfx|Any CPU
		{8B38BF24-35F4-4787-A9C5-22D35987106E}.Release-netfx|Any CPU.Build.0 = Release-netfx|Any CPU
		{5A79C7F0-3D99-4123-B0DA-7C9FFCD13132}.Debug|Any CPU.ActiveCfg = Debug|Any CPU
		{5A79C7F0-3D99-4123-B0DA-7C9FFCD13132}.Debug|Any CPU.Build.0 = Debug|Any CPU
		{5A79C7F0-3D99-4123-B0DA-7C9FFCD13132}.Debug-Intrinsics|Any CPU.ActiveCfg = Debug-Intrinsics|Any CPU
		{5A79C7F0-3D99-4123-B0DA-7C9FFCD13132}.Debug-Intrinsics|Any CPU.Build.0 = Debug-Intrinsics|Any CPU
		{5A79C7F0-3D99-4123-B0DA-7C9FFCD13132}.Debug-netfx|Any CPU.ActiveCfg = Debug-netfx|Any CPU
		{5A79C7F0-3D99-4123-B0DA-7C9FFCD13132}.Debug-netfx|Any CPU.Build.0 = Debug-netfx|Any CPU
		{5A79C7F0-3D99-4123-B0DA-7C9FFCD13132}.Release|Any CPU.ActiveCfg = Release|Any CPU
		{5A79C7F0-3D99-4123-B0DA-7C9FFCD13132}.Release|Any CPU.Build.0 = Release|Any CPU
		{5A79C7F0-3D99-4123-B0DA-7C9FFCD13132}.Release-Intrinsics|Any CPU.ActiveCfg = Release-Intrinsics|Any CPU
		{5A79C7F0-3D99-4123-B0DA-7C9FFCD13132}.Release-Intrinsics|Any CPU.Build.0 = Release-Intrinsics|Any CPU
		{5A79C7F0-3D99-4123-B0DA-7C9FFCD13132}.Release-netfx|Any CPU.ActiveCfg = Release-netfx|Any CPU
		{5A79C7F0-3D99-4123-B0DA-7C9FFCD13132}.Release-netfx|Any CPU.Build.0 = Release-netfx|Any CPU
		{8C05642D-C3AA-4972-B02C-93681161A6BC}.Debug|Any CPU.ActiveCfg = Debug|Any CPU
		{8C05642D-C3AA-4972-B02C-93681161A6BC}.Debug|Any CPU.Build.0 = Debug|Any CPU
		{8C05642D-C3AA-4972-B02C-93681161A6BC}.Debug-Intrinsics|Any CPU.ActiveCfg = Debug-Intrinsics|Any CPU
		{8C05642D-C3AA-4972-B02C-93681161A6BC}.Debug-Intrinsics|Any CPU.Build.0 = Debug-Intrinsics|Any CPU
		{8C05642D-C3AA-4972-B02C-93681161A6BC}.Debug-netfx|Any CPU.ActiveCfg = Debug-netfx|Any CPU
		{8C05642D-C3AA-4972-B02C-93681161A6BC}.Debug-netfx|Any CPU.Build.0 = Debug-netfx|Any CPU
		{8C05642D-C3AA-4972-B02C-93681161A6BC}.Release|Any CPU.ActiveCfg = Release|Any CPU
		{8C05642D-C3AA-4972-B02C-93681161A6BC}.Release|Any CPU.Build.0 = Release|Any CPU
		{8C05642D-C3AA-4972-B02C-93681161A6BC}.Release-Intrinsics|Any CPU.ActiveCfg = Release-Intrinsics|Any CPU
		{8C05642D-C3AA-4972-B02C-93681161A6BC}.Release-Intrinsics|Any CPU.Build.0 = Release-Intrinsics|Any CPU
		{8C05642D-C3AA-4972-B02C-93681161A6BC}.Release-netfx|Any CPU.ActiveCfg = Release-netfx|Any CPU
		{8C05642D-C3AA-4972-B02C-93681161A6BC}.Release-netfx|Any CPU.Build.0 = Release-netfx|Any CPU
		{73DAAC82-D308-48CC-8FFE-3B037F8BBCCA}.Debug|Any CPU.ActiveCfg = Debug|Any CPU
		{73DAAC82-D308-48CC-8FFE-3B037F8BBCCA}.Debug|Any CPU.Build.0 = Debug|Any CPU
		{73DAAC82-D308-48CC-8FFE-3B037F8BBCCA}.Debug-Intrinsics|Any CPU.ActiveCfg = Debug-Intrinsics|Any CPU
		{73DAAC82-D308-48CC-8FFE-3B037F8BBCCA}.Debug-Intrinsics|Any CPU.Build.0 = Debug-Intrinsics|Any CPU
		{73DAAC82-D308-48CC-8FFE-3B037F8BBCCA}.Debug-netfx|Any CPU.ActiveCfg = Debug-netfx|Any CPU
		{73DAAC82-D308-48CC-8FFE-3B037F8BBCCA}.Debug-netfx|Any CPU.Build.0 = Debug-netfx|Any CPU
		{73DAAC82-D308-48CC-8FFE-3B037F8BBCCA}.Release|Any CPU.ActiveCfg = Release|Any CPU
		{73DAAC82-D308-48CC-8FFE-3B037F8BBCCA}.Release|Any CPU.Build.0 = Release|Any CPU
		{73DAAC82-D308-48CC-8FFE-3B037F8BBCCA}.Release-Intrinsics|Any CPU.ActiveCfg = Release-Intrinsics|Any CPU
		{73DAAC82-D308-48CC-8FFE-3B037F8BBCCA}.Release-Intrinsics|Any CPU.Build.0 = Release-Intrinsics|Any CPU
		{73DAAC82-D308-48CC-8FFE-3B037F8BBCCA}.Release-netfx|Any CPU.ActiveCfg = Release-netfx|Any CPU
		{73DAAC82-D308-48CC-8FFE-3B037F8BBCCA}.Release-netfx|Any CPU.Build.0 = Release-netfx|Any CPU
		{49D03292-8AFE-4B82-823C-D047BF8420F7}.Debug|Any CPU.ActiveCfg = Debug|Any CPU
		{49D03292-8AFE-4B82-823C-D047BF8420F7}.Debug|Any CPU.Build.0 = Debug|Any CPU
		{49D03292-8AFE-4B82-823C-D047BF8420F7}.Debug-Intrinsics|Any CPU.ActiveCfg = Debug-Intrinsics|Any CPU
		{49D03292-8AFE-4B82-823C-D047BF8420F7}.Debug-Intrinsics|Any CPU.Build.0 = Debug-Intrinsics|Any CPU
		{49D03292-8AFE-4B82-823C-D047BF8420F7}.Debug-netfx|Any CPU.ActiveCfg = Debug-netfx|Any CPU
		{49D03292-8AFE-4B82-823C-D047BF8420F7}.Debug-netfx|Any CPU.Build.0 = Debug-netfx|Any CPU
		{49D03292-8AFE-4B82-823C-D047BF8420F7}.Release|Any CPU.ActiveCfg = Release|Any CPU
		{49D03292-8AFE-4B82-823C-D047BF8420F7}.Release|Any CPU.Build.0 = Release|Any CPU
		{49D03292-8AFE-4B82-823C-D047BF8420F7}.Release-Intrinsics|Any CPU.ActiveCfg = Release-Intrinsics|Any CPU
		{49D03292-8AFE-4B82-823C-D047BF8420F7}.Release-Intrinsics|Any CPU.Build.0 = Release-Intrinsics|Any CPU
		{49D03292-8AFE-4B82-823C-D047BF8420F7}.Release-netfx|Any CPU.ActiveCfg = Release-netfx|Any CPU
		{49D03292-8AFE-4B82-823C-D047BF8420F7}.Release-netfx|Any CPU.Build.0 = Release-netfx|Any CPU
		{B6C83F04-A04B-4F00-9E68-1EC411F9317C}.Debug|Any CPU.ActiveCfg = Debug|Any CPU
		{B6C83F04-A04B-4F00-9E68-1EC411F9317C}.Debug|Any CPU.Build.0 = Debug|Any CPU
		{B6C83F04-A04B-4F00-9E68-1EC411F9317C}.Debug-Intrinsics|Any CPU.ActiveCfg = Debug-Intrinsics|Any CPU
		{B6C83F04-A04B-4F00-9E68-1EC411F9317C}.Debug-Intrinsics|Any CPU.Build.0 = Debug-Intrinsics|Any CPU
		{B6C83F04-A04B-4F00-9E68-1EC411F9317C}.Debug-netfx|Any CPU.ActiveCfg = Debug-netfx|Any CPU
		{B6C83F04-A04B-4F00-9E68-1EC411F9317C}.Debug-netfx|Any CPU.Build.0 = Debug-netfx|Any CPU
		{B6C83F04-A04B-4F00-9E68-1EC411F9317C}.Release|Any CPU.ActiveCfg = Release|Any CPU
		{B6C83F04-A04B-4F00-9E68-1EC411F9317C}.Release|Any CPU.Build.0 = Release|Any CPU
		{B6C83F04-A04B-4F00-9E68-1EC411F9317C}.Release-Intrinsics|Any CPU.ActiveCfg = Release-Intrinsics|Any CPU
		{B6C83F04-A04B-4F00-9E68-1EC411F9317C}.Release-Intrinsics|Any CPU.Build.0 = Release-Intrinsics|Any CPU
		{B6C83F04-A04B-4F00-9E68-1EC411F9317C}.Release-netfx|Any CPU.ActiveCfg = Release-netfx|Any CPU
		{B6C83F04-A04B-4F00-9E68-1EC411F9317C}.Release-netfx|Any CPU.Build.0 = Release-netfx|Any CPU
		{4B101D58-E7E4-4877-A536-A9B41E2E82A3}.Debug|Any CPU.ActiveCfg = Debug|Any CPU
		{4B101D58-E7E4-4877-A536-A9B41E2E82A3}.Debug|Any CPU.Build.0 = Debug|Any CPU
		{4B101D58-E7E4-4877-A536-A9B41E2E82A3}.Debug-Intrinsics|Any CPU.ActiveCfg = Debug-Intrinsics|Any CPU
		{4B101D58-E7E4-4877-A536-A9B41E2E82A3}.Debug-Intrinsics|Any CPU.Build.0 = Debug-Intrinsics|Any CPU
		{4B101D58-E7E4-4877-A536-A9B41E2E82A3}.Debug-netfx|Any CPU.ActiveCfg = Debug-netfx|Any CPU
		{4B101D58-E7E4-4877-A536-A9B41E2E82A3}.Debug-netfx|Any CPU.Build.0 = Debug-netfx|Any CPU
		{4B101D58-E7E4-4877-A536-A9B41E2E82A3}.Release|Any CPU.ActiveCfg = Release|Any CPU
		{4B101D58-E7E4-4877-A536-A9B41E2E82A3}.Release|Any CPU.Build.0 = Release|Any CPU
		{4B101D58-E7E4-4877-A536-A9B41E2E82A3}.Release-Intrinsics|Any CPU.ActiveCfg = Release-Intrinsics|Any CPU
		{4B101D58-E7E4-4877-A536-A9B41E2E82A3}.Release-Intrinsics|Any CPU.Build.0 = Release-Intrinsics|Any CPU
		{4B101D58-E7E4-4877-A536-A9B41E2E82A3}.Release-netfx|Any CPU.ActiveCfg = Release-netfx|Any CPU
		{4B101D58-E7E4-4877-A536-A9B41E2E82A3}.Release-netfx|Any CPU.Build.0 = Release-netfx|Any CPU
		{ECB71297-9DF1-48CE-B93A-CD969221F9B6}.Debug|Any CPU.ActiveCfg = Debug|Any CPU
		{ECB71297-9DF1-48CE-B93A-CD969221F9B6}.Debug|Any CPU.Build.0 = Debug|Any CPU
		{ECB71297-9DF1-48CE-B93A-CD969221F9B6}.Debug-Intrinsics|Any CPU.ActiveCfg = Debug-Intrinsics|Any CPU
		{ECB71297-9DF1-48CE-B93A-CD969221F9B6}.Debug-Intrinsics|Any CPU.Build.0 = Debug-Intrinsics|Any CPU
		{ECB71297-9DF1-48CE-B93A-CD969221F9B6}.Debug-netfx|Any CPU.ActiveCfg = Debug-netfx|Any CPU
		{ECB71297-9DF1-48CE-B93A-CD969221F9B6}.Debug-netfx|Any CPU.Build.0 = Debug-netfx|Any CPU
		{ECB71297-9DF1-48CE-B93A-CD969221F9B6}.Release|Any CPU.ActiveCfg = Release|Any CPU
		{ECB71297-9DF1-48CE-B93A-CD969221F9B6}.Release|Any CPU.Build.0 = Release|Any CPU
		{ECB71297-9DF1-48CE-B93A-CD969221F9B6}.Release-Intrinsics|Any CPU.ActiveCfg = Release-Intrinsics|Any CPU
		{ECB71297-9DF1-48CE-B93A-CD969221F9B6}.Release-Intrinsics|Any CPU.Build.0 = Release-Intrinsics|Any CPU
		{ECB71297-9DF1-48CE-B93A-CD969221F9B6}.Release-netfx|Any CPU.ActiveCfg = Release-netfx|Any CPU
		{ECB71297-9DF1-48CE-B93A-CD969221F9B6}.Release-netfx|Any CPU.Build.0 = Release-netfx|Any CPU
		{11A5210E-2EA7-42F1-80DB-827762E9C781}.Debug|Any CPU.ActiveCfg = Debug|Any CPU
		{11A5210E-2EA7-42F1-80DB-827762E9C781}.Debug|Any CPU.Build.0 = Debug|Any CPU
		{11A5210E-2EA7-42F1-80DB-827762E9C781}.Debug-Intrinsics|Any CPU.ActiveCfg = Debug-Intrinsics|Any CPU
		{11A5210E-2EA7-42F1-80DB-827762E9C781}.Debug-Intrinsics|Any CPU.Build.0 = Debug-Intrinsics|Any CPU
		{11A5210E-2EA7-42F1-80DB-827762E9C781}.Debug-netfx|Any CPU.ActiveCfg = Debug-netfx|Any CPU
		{11A5210E-2EA7-42F1-80DB-827762E9C781}.Debug-netfx|Any CPU.Build.0 = Debug-netfx|Any CPU
		{11A5210E-2EA7-42F1-80DB-827762E9C781}.Release|Any CPU.ActiveCfg = Release|Any CPU
		{11A5210E-2EA7-42F1-80DB-827762E9C781}.Release|Any CPU.Build.0 = Release|Any CPU
		{11A5210E-2EA7-42F1-80DB-827762E9C781}.Release-Intrinsics|Any CPU.ActiveCfg = Release-Intrinsics|Any CPU
		{11A5210E-2EA7-42F1-80DB-827762E9C781}.Release-Intrinsics|Any CPU.Build.0 = Release-Intrinsics|Any CPU
		{11A5210E-2EA7-42F1-80DB-827762E9C781}.Release-netfx|Any CPU.ActiveCfg = Release-netfx|Any CPU
		{11A5210E-2EA7-42F1-80DB-827762E9C781}.Release-netfx|Any CPU.Build.0 = Release-netfx|Any CPU
		{C8E1772B-DFD9-4A4D-830D-6AAB1C668BB3}.Debug|Any CPU.ActiveCfg = Debug|Any CPU
		{C8E1772B-DFD9-4A4D-830D-6AAB1C668BB3}.Debug|Any CPU.Build.0 = Debug|Any CPU
		{C8E1772B-DFD9-4A4D-830D-6AAB1C668BB3}.Debug-Intrinsics|Any CPU.ActiveCfg = Debug-Intrinsics|Any CPU
		{C8E1772B-DFD9-4A4D-830D-6AAB1C668BB3}.Debug-Intrinsics|Any CPU.Build.0 = Debug-Intrinsics|Any CPU
		{C8E1772B-DFD9-4A4D-830D-6AAB1C668BB3}.Debug-netfx|Any CPU.ActiveCfg = Debug-netfx|Any CPU
		{C8E1772B-DFD9-4A4D-830D-6AAB1C668BB3}.Debug-netfx|Any CPU.Build.0 = Debug-netfx|Any CPU
		{C8E1772B-DFD9-4A4D-830D-6AAB1C668BB3}.Release|Any CPU.ActiveCfg = Release|Any CPU
		{C8E1772B-DFD9-4A4D-830D-6AAB1C668BB3}.Release|Any CPU.Build.0 = Release|Any CPU
		{C8E1772B-DFD9-4A4D-830D-6AAB1C668BB3}.Release-Intrinsics|Any CPU.ActiveCfg = Release-Intrinsics|Any CPU
		{C8E1772B-DFD9-4A4D-830D-6AAB1C668BB3}.Release-Intrinsics|Any CPU.Build.0 = Release-Intrinsics|Any CPU
		{C8E1772B-DFD9-4A4D-830D-6AAB1C668BB3}.Release-netfx|Any CPU.ActiveCfg = Release-netfx|Any CPU
		{C8E1772B-DFD9-4A4D-830D-6AAB1C668BB3}.Release-netfx|Any CPU.Build.0 = Release-netfx|Any CPU
		{9222FC9D-599A-49A5-B685-08CC9A5C81D7}.Debug|Any CPU.ActiveCfg = Debug|Any CPU
		{9222FC9D-599A-49A5-B685-08CC9A5C81D7}.Debug|Any CPU.Build.0 = Debug|Any CPU
		{9222FC9D-599A-49A5-B685-08CC9A5C81D7}.Debug-Intrinsics|Any CPU.ActiveCfg = Debug-Intrinsics|Any CPU
		{9222FC9D-599A-49A5-B685-08CC9A5C81D7}.Debug-Intrinsics|Any CPU.Build.0 = Debug-Intrinsics|Any CPU
		{9222FC9D-599A-49A5-B685-08CC9A5C81D7}.Debug-netfx|Any CPU.ActiveCfg = Debug-netfx|Any CPU
		{9222FC9D-599A-49A5-B685-08CC9A5C81D7}.Debug-netfx|Any CPU.Build.0 = Debug-netfx|Any CPU
		{9222FC9D-599A-49A5-B685-08CC9A5C81D7}.Release|Any CPU.ActiveCfg = Release|Any CPU
		{9222FC9D-599A-49A5-B685-08CC9A5C81D7}.Release|Any CPU.Build.0 = Release|Any CPU
		{9222FC9D-599A-49A5-B685-08CC9A5C81D7}.Release-Intrinsics|Any CPU.ActiveCfg = Release-Intrinsics|Any CPU
		{9222FC9D-599A-49A5-B685-08CC9A5C81D7}.Release-Intrinsics|Any CPU.Build.0 = Release-Intrinsics|Any CPU
		{9222FC9D-599A-49A5-B685-08CC9A5C81D7}.Release-netfx|Any CPU.ActiveCfg = Release-netfx|Any CPU
		{9222FC9D-599A-49A5-B685-08CC9A5C81D7}.Release-netfx|Any CPU.Build.0 = Release-netfx|Any CPU
		{6C29AA9B-054B-4762-BEA5-D305B932AA80}.Debug|Any CPU.ActiveCfg = Debug|Any CPU
		{6C29AA9B-054B-4762-BEA5-D305B932AA80}.Debug|Any CPU.Build.0 = Debug|Any CPU
		{6C29AA9B-054B-4762-BEA5-D305B932AA80}.Debug-Intrinsics|Any CPU.ActiveCfg = Debug-Intrinsics|Any CPU
		{6C29AA9B-054B-4762-BEA5-D305B932AA80}.Debug-Intrinsics|Any CPU.Build.0 = Debug-Intrinsics|Any CPU
		{6C29AA9B-054B-4762-BEA5-D305B932AA80}.Debug-netfx|Any CPU.ActiveCfg = Debug-netfx|Any CPU
		{6C29AA9B-054B-4762-BEA5-D305B932AA80}.Debug-netfx|Any CPU.Build.0 = Debug-netfx|Any CPU
		{6C29AA9B-054B-4762-BEA5-D305B932AA80}.Release|Any CPU.ActiveCfg = Release|Any CPU
		{6C29AA9B-054B-4762-BEA5-D305B932AA80}.Release|Any CPU.Build.0 = Release|Any CPU
		{6C29AA9B-054B-4762-BEA5-D305B932AA80}.Release-Intrinsics|Any CPU.ActiveCfg = Release-Intrinsics|Any CPU
		{6C29AA9B-054B-4762-BEA5-D305B932AA80}.Release-Intrinsics|Any CPU.Build.0 = Release-Intrinsics|Any CPU
		{6C29AA9B-054B-4762-BEA5-D305B932AA80}.Release-netfx|Any CPU.ActiveCfg = Release-netfx|Any CPU
		{6C29AA9B-054B-4762-BEA5-D305B932AA80}.Release-netfx|Any CPU.Build.0 = Release-netfx|Any CPU
		{4805129D-78C8-46D4-9519-0AD9B0574D6D}.Debug|Any CPU.ActiveCfg = Debug|Any CPU
		{4805129D-78C8-46D4-9519-0AD9B0574D6D}.Debug|Any CPU.Build.0 = Debug|Any CPU
		{4805129D-78C8-46D4-9519-0AD9B0574D6D}.Debug-Intrinsics|Any CPU.ActiveCfg = Debug-Intrinsics|Any CPU
		{4805129D-78C8-46D4-9519-0AD9B0574D6D}.Debug-Intrinsics|Any CPU.Build.0 = Debug-Intrinsics|Any CPU
		{4805129D-78C8-46D4-9519-0AD9B0574D6D}.Debug-netfx|Any CPU.ActiveCfg = Debug-netfx|Any CPU
		{4805129D-78C8-46D4-9519-0AD9B0574D6D}.Debug-netfx|Any CPU.Build.0 = Debug-netfx|Any CPU
		{4805129D-78C8-46D4-9519-0AD9B0574D6D}.Release|Any CPU.ActiveCfg = Release|Any CPU
		{4805129D-78C8-46D4-9519-0AD9B0574D6D}.Release|Any CPU.Build.0 = Release|Any CPU
		{4805129D-78C8-46D4-9519-0AD9B0574D6D}.Release-Intrinsics|Any CPU.ActiveCfg = Release-Intrinsics|Any CPU
		{4805129D-78C8-46D4-9519-0AD9B0574D6D}.Release-Intrinsics|Any CPU.Build.0 = Release-Intrinsics|Any CPU
		{4805129D-78C8-46D4-9519-0AD9B0574D6D}.Release-netfx|Any CPU.ActiveCfg = Release-netfx|Any CPU
		{4805129D-78C8-46D4-9519-0AD9B0574D6D}.Release-netfx|Any CPU.Build.0 = Release-netfx|Any CPU
		{DB7CEB5E-8BE6-48A7-87BE-B91D9AE96F71}.Debug|Any CPU.ActiveCfg = Debug|Any CPU
		{DB7CEB5E-8BE6-48A7-87BE-B91D9AE96F71}.Debug|Any CPU.Build.0 = Debug|Any CPU
		{DB7CEB5E-8BE6-48A7-87BE-B91D9AE96F71}.Debug-Intrinsics|Any CPU.ActiveCfg = Debug-Intrinsics|Any CPU
		{DB7CEB5E-8BE6-48A7-87BE-B91D9AE96F71}.Debug-Intrinsics|Any CPU.Build.0 = Debug-Intrinsics|Any CPU
		{DB7CEB5E-8BE6-48A7-87BE-B91D9AE96F71}.Debug-netfx|Any CPU.ActiveCfg = Debug-netfx|Any CPU
		{DB7CEB5E-8BE6-48A7-87BE-B91D9AE96F71}.Debug-netfx|Any CPU.Build.0 = Debug-netfx|Any CPU
		{DB7CEB5E-8BE6-48A7-87BE-B91D9AE96F71}.Release|Any CPU.ActiveCfg = Release|Any CPU
		{DB7CEB5E-8BE6-48A7-87BE-B91D9AE96F71}.Release|Any CPU.Build.0 = Release|Any CPU
		{DB7CEB5E-8BE6-48A7-87BE-B91D9AE96F71}.Release-Intrinsics|Any CPU.ActiveCfg = Release-Intrinsics|Any CPU
		{DB7CEB5E-8BE6-48A7-87BE-B91D9AE96F71}.Release-Intrinsics|Any CPU.Build.0 = Release-Intrinsics|Any CPU
		{DB7CEB5E-8BE6-48A7-87BE-B91D9AE96F71}.Release-netfx|Any CPU.ActiveCfg = Release-netfx|Any CPU
		{DB7CEB5E-8BE6-48A7-87BE-B91D9AE96F71}.Release-netfx|Any CPU.Build.0 = Release-netfx|Any CPU
		{7504D46F-E4B3-43CB-9B1C-82F3131F1C99}.Debug|Any CPU.ActiveCfg = Debug|Any CPU
		{7504D46F-E4B3-43CB-9B1C-82F3131F1C99}.Debug|Any CPU.Build.0 = Debug|Any CPU
		{7504D46F-E4B3-43CB-9B1C-82F3131F1C99}.Debug-Intrinsics|Any CPU.ActiveCfg = Debug-Intrinsics|Any CPU
		{7504D46F-E4B3-43CB-9B1C-82F3131F1C99}.Debug-Intrinsics|Any CPU.Build.0 = Debug-Intrinsics|Any CPU
		{7504D46F-E4B3-43CB-9B1C-82F3131F1C99}.Debug-netfx|Any CPU.ActiveCfg = Debug-netfx|Any CPU
		{7504D46F-E4B3-43CB-9B1C-82F3131F1C99}.Debug-netfx|Any CPU.Build.0 = Debug-netfx|Any CPU
		{7504D46F-E4B3-43CB-9B1C-82F3131F1C99}.Release|Any CPU.ActiveCfg = Release|Any CPU
		{7504D46F-E4B3-43CB-9B1C-82F3131F1C99}.Release|Any CPU.Build.0 = Release|Any CPU
		{7504D46F-E4B3-43CB-9B1C-82F3131F1C99}.Release-Intrinsics|Any CPU.ActiveCfg = Release-Intrinsics|Any CPU
		{7504D46F-E4B3-43CB-9B1C-82F3131F1C99}.Release-Intrinsics|Any CPU.Build.0 = Release-Intrinsics|Any CPU
		{7504D46F-E4B3-43CB-9B1C-82F3131F1C99}.Release-netfx|Any CPU.ActiveCfg = Release-netfx|Any CPU
		{7504D46F-E4B3-43CB-9B1C-82F3131F1C99}.Release-netfx|Any CPU.Build.0 = Release-netfx|Any CPU
		{6B1B93D0-142A-4111-A20E-62B55A3E36A3}.Debug|Any CPU.ActiveCfg = Debug|Any CPU
		{6B1B93D0-142A-4111-A20E-62B55A3E36A3}.Debug|Any CPU.Build.0 = Debug|Any CPU
		{6B1B93D0-142A-4111-A20E-62B55A3E36A3}.Debug-Intrinsics|Any CPU.ActiveCfg = Debug-Intrinsics|Any CPU
		{6B1B93D0-142A-4111-A20E-62B55A3E36A3}.Debug-Intrinsics|Any CPU.Build.0 = Debug-Intrinsics|Any CPU
		{6B1B93D0-142A-4111-A20E-62B55A3E36A3}.Debug-netfx|Any CPU.ActiveCfg = Debug-netfx|Any CPU
		{6B1B93D0-142A-4111-A20E-62B55A3E36A3}.Debug-netfx|Any CPU.Build.0 = Debug-netfx|Any CPU
		{6B1B93D0-142A-4111-A20E-62B55A3E36A3}.Release|Any CPU.ActiveCfg = Release|Any CPU
		{6B1B93D0-142A-4111-A20E-62B55A3E36A3}.Release|Any CPU.Build.0 = Release|Any CPU
		{6B1B93D0-142A-4111-A20E-62B55A3E36A3}.Release-Intrinsics|Any CPU.ActiveCfg = Release-Intrinsics|Any CPU
		{6B1B93D0-142A-4111-A20E-62B55A3E36A3}.Release-Intrinsics|Any CPU.Build.0 = Release-Intrinsics|Any CPU
		{6B1B93D0-142A-4111-A20E-62B55A3E36A3}.Release-netfx|Any CPU.ActiveCfg = Release-netfx|Any CPU
		{6B1B93D0-142A-4111-A20E-62B55A3E36A3}.Release-netfx|Any CPU.Build.0 = Release-netfx|Any CPU
		{F95F7AFB-03AF-4D20-BD75-1740B5FF71D3}.Debug|Any CPU.ActiveCfg = Debug|Any CPU
		{F95F7AFB-03AF-4D20-BD75-1740B5FF71D3}.Debug|Any CPU.Build.0 = Debug|Any CPU
		{F95F7AFB-03AF-4D20-BD75-1740B5FF71D3}.Debug-Intrinsics|Any CPU.ActiveCfg = Debug-Intrinsics|Any CPU
		{F95F7AFB-03AF-4D20-BD75-1740B5FF71D3}.Debug-Intrinsics|Any CPU.Build.0 = Debug-Intrinsics|Any CPU
		{F95F7AFB-03AF-4D20-BD75-1740B5FF71D3}.Debug-netfx|Any CPU.ActiveCfg = Debug-netfx|Any CPU
		{F95F7AFB-03AF-4D20-BD75-1740B5FF71D3}.Debug-netfx|Any CPU.Build.0 = Debug-netfx|Any CPU
		{F95F7AFB-03AF-4D20-BD75-1740B5FF71D3}.Release|Any CPU.ActiveCfg = Release|Any CPU
		{F95F7AFB-03AF-4D20-BD75-1740B5FF71D3}.Release|Any CPU.Build.0 = Release|Any CPU
		{F95F7AFB-03AF-4D20-BD75-1740B5FF71D3}.Release-Intrinsics|Any CPU.ActiveCfg = Release-Intrinsics|Any CPU
		{F95F7AFB-03AF-4D20-BD75-1740B5FF71D3}.Release-Intrinsics|Any CPU.Build.0 = Release-Intrinsics|Any CPU
		{F95F7AFB-03AF-4D20-BD75-1740B5FF71D3}.Release-netfx|Any CPU.ActiveCfg = Release-netfx|Any CPU
		{F95F7AFB-03AF-4D20-BD75-1740B5FF71D3}.Release-netfx|Any CPU.Build.0 = Release-netfx|Any CPU
		{2F25EF6A-C754-45BE-AD9E-7DDF46A1B51A}.Debug|Any CPU.ActiveCfg = Debug|Any CPU
		{2F25EF6A-C754-45BE-AD9E-7DDF46A1B51A}.Debug|Any CPU.Build.0 = Debug|Any CPU
		{2F25EF6A-C754-45BE-AD9E-7DDF46A1B51A}.Debug-Intrinsics|Any CPU.ActiveCfg = Debug-Intrinsics|Any CPU
		{2F25EF6A-C754-45BE-AD9E-7DDF46A1B51A}.Debug-Intrinsics|Any CPU.Build.0 = Debug-Intrinsics|Any CPU
		{2F25EF6A-C754-45BE-AD9E-7DDF46A1B51A}.Debug-netfx|Any CPU.ActiveCfg = Debug-netfx|Any CPU
		{2F25EF6A-C754-45BE-AD9E-7DDF46A1B51A}.Debug-netfx|Any CPU.Build.0 = Debug-netfx|Any CPU
		{2F25EF6A-C754-45BE-AD9E-7DDF46A1B51A}.Release|Any CPU.ActiveCfg = Release|Any CPU
		{2F25EF6A-C754-45BE-AD9E-7DDF46A1B51A}.Release|Any CPU.Build.0 = Release|Any CPU
		{2F25EF6A-C754-45BE-AD9E-7DDF46A1B51A}.Release-Intrinsics|Any CPU.ActiveCfg = Release-Intrinsics|Any CPU
		{2F25EF6A-C754-45BE-AD9E-7DDF46A1B51A}.Release-Intrinsics|Any CPU.Build.0 = Release-Intrinsics|Any CPU
		{2F25EF6A-C754-45BE-AD9E-7DDF46A1B51A}.Release-netfx|Any CPU.ActiveCfg = Release-netfx|Any CPU
		{2F25EF6A-C754-45BE-AD9E-7DDF46A1B51A}.Release-netfx|Any CPU.Build.0 = Release-netfx|Any CPU
		{D1324668-9568-40F4-AA55-30A9A516C230}.Debug|Any CPU.ActiveCfg = Debug|Any CPU
		{D1324668-9568-40F4-AA55-30A9A516C230}.Debug|Any CPU.Build.0 = Debug|Any CPU
		{D1324668-9568-40F4-AA55-30A9A516C230}.Debug-Intrinsics|Any CPU.ActiveCfg = Debug-Intrinsics|Any CPU
		{D1324668-9568-40F4-AA55-30A9A516C230}.Debug-Intrinsics|Any CPU.Build.0 = Debug-Intrinsics|Any CPU
		{D1324668-9568-40F4-AA55-30A9A516C230}.Debug-netfx|Any CPU.ActiveCfg = Debug-netfx|Any CPU
		{D1324668-9568-40F4-AA55-30A9A516C230}.Debug-netfx|Any CPU.Build.0 = Debug-netfx|Any CPU
		{D1324668-9568-40F4-AA55-30A9A516C230}.Release|Any CPU.ActiveCfg = Release|Any CPU
		{D1324668-9568-40F4-AA55-30A9A516C230}.Release|Any CPU.Build.0 = Release|Any CPU
		{D1324668-9568-40F4-AA55-30A9A516C230}.Release-Intrinsics|Any CPU.ActiveCfg = Release-Intrinsics|Any CPU
		{D1324668-9568-40F4-AA55-30A9A516C230}.Release-Intrinsics|Any CPU.Build.0 = Release-Intrinsics|Any CPU
		{D1324668-9568-40F4-AA55-30A9A516C230}.Release-netfx|Any CPU.ActiveCfg = Release-netfx|Any CPU
		{D1324668-9568-40F4-AA55-30A9A516C230}.Release-netfx|Any CPU.Build.0 = Release-netfx|Any CPU
		{22C51B08-ACAE-47B2-A312-462DC239A23B}.Debug|Any CPU.ActiveCfg = Debug|Any CPU
		{22C51B08-ACAE-47B2-A312-462DC239A23B}.Debug|Any CPU.Build.0 = Debug|Any CPU
		{22C51B08-ACAE-47B2-A312-462DC239A23B}.Debug-Intrinsics|Any CPU.ActiveCfg = Debug-Intrinsics|Any CPU
		{22C51B08-ACAE-47B2-A312-462DC239A23B}.Debug-Intrinsics|Any CPU.Build.0 = Debug-Intrinsics|Any CPU
		{22C51B08-ACAE-47B2-A312-462DC239A23B}.Debug-netfx|Any CPU.ActiveCfg = Debug-netfx|Any CPU
		{22C51B08-ACAE-47B2-A312-462DC239A23B}.Debug-netfx|Any CPU.Build.0 = Debug-netfx|Any CPU
		{22C51B08-ACAE-47B2-A312-462DC239A23B}.Release|Any CPU.ActiveCfg = Release|Any CPU
		{22C51B08-ACAE-47B2-A312-462DC239A23B}.Release|Any CPU.Build.0 = Release|Any CPU
		{22C51B08-ACAE-47B2-A312-462DC239A23B}.Release-Intrinsics|Any CPU.ActiveCfg = Release-Intrinsics|Any CPU
		{22C51B08-ACAE-47B2-A312-462DC239A23B}.Release-Intrinsics|Any CPU.Build.0 = Release-Intrinsics|Any CPU
		{22C51B08-ACAE-47B2-A312-462DC239A23B}.Release-netfx|Any CPU.ActiveCfg = Release-netfx|Any CPU
		{22C51B08-ACAE-47B2-A312-462DC239A23B}.Release-netfx|Any CPU.Build.0 = Release-netfx|Any CPU
		{06A147ED-15EA-4106-9105-9B745125B470}.Debug|Any CPU.ActiveCfg = Debug|Any CPU
		{06A147ED-15EA-4106-9105-9B745125B470}.Debug|Any CPU.Build.0 = Debug|Any CPU
		{06A147ED-15EA-4106-9105-9B745125B470}.Debug-Intrinsics|Any CPU.ActiveCfg = Debug-Intrinsics|Any CPU
		{06A147ED-15EA-4106-9105-9B745125B470}.Debug-Intrinsics|Any CPU.Build.0 = Debug-Intrinsics|Any CPU
		{06A147ED-15EA-4106-9105-9B745125B470}.Debug-netfx|Any CPU.ActiveCfg = Debug-netfx|Any CPU
		{06A147ED-15EA-4106-9105-9B745125B470}.Debug-netfx|Any CPU.Build.0 = Debug-netfx|Any CPU
		{06A147ED-15EA-4106-9105-9B745125B470}.Release|Any CPU.ActiveCfg = Release|Any CPU
		{06A147ED-15EA-4106-9105-9B745125B470}.Release|Any CPU.Build.0 = Release|Any CPU
		{06A147ED-15EA-4106-9105-9B745125B470}.Release-Intrinsics|Any CPU.ActiveCfg = Release-Intrinsics|Any CPU
		{06A147ED-15EA-4106-9105-9B745125B470}.Release-Intrinsics|Any CPU.Build.0 = Release-Intrinsics|Any CPU
		{06A147ED-15EA-4106-9105-9B745125B470}.Release-netfx|Any CPU.ActiveCfg = Release-netfx|Any CPU
		{06A147ED-15EA-4106-9105-9B745125B470}.Release-netfx|Any CPU.Build.0 = Release-netfx|Any CPU
		{85D0CAFD-2FE8-496A-88C7-585D35B94243}.Debug|Any CPU.ActiveCfg = Debug|Any CPU
		{85D0CAFD-2FE8-496A-88C7-585D35B94243}.Debug|Any CPU.Build.0 = Debug|Any CPU
		{85D0CAFD-2FE8-496A-88C7-585D35B94243}.Debug-Intrinsics|Any CPU.ActiveCfg = Debug-Intrinsics|Any CPU
		{85D0CAFD-2FE8-496A-88C7-585D35B94243}.Debug-Intrinsics|Any CPU.Build.0 = Debug-Intrinsics|Any CPU
		{85D0CAFD-2FE8-496A-88C7-585D35B94243}.Debug-netfx|Any CPU.ActiveCfg = Debug-netfx|Any CPU
		{85D0CAFD-2FE8-496A-88C7-585D35B94243}.Debug-netfx|Any CPU.Build.0 = Debug-netfx|Any CPU
		{85D0CAFD-2FE8-496A-88C7-585D35B94243}.Release|Any CPU.ActiveCfg = Release|Any CPU
		{85D0CAFD-2FE8-496A-88C7-585D35B94243}.Release|Any CPU.Build.0 = Release|Any CPU
		{85D0CAFD-2FE8-496A-88C7-585D35B94243}.Release-Intrinsics|Any CPU.ActiveCfg = Release-Intrinsics|Any CPU
		{85D0CAFD-2FE8-496A-88C7-585D35B94243}.Release-Intrinsics|Any CPU.Build.0 = Release-Intrinsics|Any CPU
		{85D0CAFD-2FE8-496A-88C7-585D35B94243}.Release-netfx|Any CPU.ActiveCfg = Release-netfx|Any CPU
		{85D0CAFD-2FE8-496A-88C7-585D35B94243}.Release-netfx|Any CPU.Build.0 = Release-netfx|Any CPU
		{5E920CAC-5A28-42FB-936E-49C472130953}.Debug|Any CPU.ActiveCfg = Debug|Any CPU
		{5E920CAC-5A28-42FB-936E-49C472130953}.Debug|Any CPU.Build.0 = Debug|Any CPU
		{5E920CAC-5A28-42FB-936E-49C472130953}.Debug-Intrinsics|Any CPU.ActiveCfg = Debug-Intrinsics|Any CPU
		{5E920CAC-5A28-42FB-936E-49C472130953}.Debug-Intrinsics|Any CPU.Build.0 = Debug-Intrinsics|Any CPU
		{5E920CAC-5A28-42FB-936E-49C472130953}.Debug-netfx|Any CPU.ActiveCfg = Debug-netfx|Any CPU
		{5E920CAC-5A28-42FB-936E-49C472130953}.Debug-netfx|Any CPU.Build.0 = Debug-netfx|Any CPU
		{5E920CAC-5A28-42FB-936E-49C472130953}.Release|Any CPU.ActiveCfg = Release|Any CPU
		{5E920CAC-5A28-42FB-936E-49C472130953}.Release|Any CPU.Build.0 = Release|Any CPU
		{5E920CAC-5A28-42FB-936E-49C472130953}.Release-Intrinsics|Any CPU.ActiveCfg = Release-Intrinsics|Any CPU
		{5E920CAC-5A28-42FB-936E-49C472130953}.Release-Intrinsics|Any CPU.Build.0 = Release-Intrinsics|Any CPU
		{5E920CAC-5A28-42FB-936E-49C472130953}.Release-netfx|Any CPU.ActiveCfg = Release-netfx|Any CPU
		{5E920CAC-5A28-42FB-936E-49C472130953}.Release-netfx|Any CPU.Build.0 = Release-netfx|Any CPU
		{E02DA82D-3FEE-4C60-BD80-9EC3C3448DFC}.Debug|Any CPU.ActiveCfg = Debug|Any CPU
		{E02DA82D-3FEE-4C60-BD80-9EC3C3448DFC}.Debug|Any CPU.Build.0 = Debug|Any CPU
		{E02DA82D-3FEE-4C60-BD80-9EC3C3448DFC}.Debug-Intrinsics|Any CPU.ActiveCfg = Debug-Intrinsics|Any CPU
		{E02DA82D-3FEE-4C60-BD80-9EC3C3448DFC}.Debug-Intrinsics|Any CPU.Build.0 = Debug-Intrinsics|Any CPU
		{E02DA82D-3FEE-4C60-BD80-9EC3C3448DFC}.Debug-netfx|Any CPU.ActiveCfg = Debug-netfx|Any CPU
		{E02DA82D-3FEE-4C60-BD80-9EC3C3448DFC}.Debug-netfx|Any CPU.Build.0 = Debug-netfx|Any CPU
		{E02DA82D-3FEE-4C60-BD80-9EC3C3448DFC}.Release|Any CPU.ActiveCfg = Release|Any CPU
		{E02DA82D-3FEE-4C60-BD80-9EC3C3448DFC}.Release|Any CPU.Build.0 = Release|Any CPU
		{E02DA82D-3FEE-4C60-BD80-9EC3C3448DFC}.Release-Intrinsics|Any CPU.ActiveCfg = Release-Intrinsics|Any CPU
		{E02DA82D-3FEE-4C60-BD80-9EC3C3448DFC}.Release-Intrinsics|Any CPU.Build.0 = Release-Intrinsics|Any CPU
		{E02DA82D-3FEE-4C60-BD80-9EC3C3448DFC}.Release-netfx|Any CPU.ActiveCfg = Release-netfx|Any CPU
		{E02DA82D-3FEE-4C60-BD80-9EC3C3448DFC}.Release-netfx|Any CPU.Build.0 = Release-netfx|Any CPU
	EndGlobalSection
	GlobalSection(SolutionProperties) = preSolution
		HideSolutionNode = FALSE
	EndGlobalSection
	GlobalSection(NestedProjects) = preSolution
		{A6CA6CC6-5D7C-4D7F-A0F5-35E14B383B0A} = {09EADF06-BE25-4228-AB53-95AE3E15B530}
		{EC743D1D-7691-43B7-B9B0-5F2F7018A8F6} = {AED9C836-31E3-4F3F-8ABC-929555D3F3C4}
		{46F2F967-C23F-4076-858D-33F7DA9BD2DA} = {09EADF06-BE25-4228-AB53-95AE3E15B530}
		{AD92D96B-0E96-4F22-8DCE-892E13B1F282} = {09EADF06-BE25-4228-AB53-95AE3E15B530}
		{65D0603E-B96C-4DFC-BDD1-705891B88C18} = {09EADF06-BE25-4228-AB53-95AE3E15B530}
		{707BB22C-7E5F-497A-8C2F-74578F675705} = {09EADF06-BE25-4228-AB53-95AE3E15B530}
		{2911A286-ECA4-4730-97A9-DA1FEE2DED97} = {09EADF06-BE25-4228-AB53-95AE3E15B530}
		{F1CAE3AB-4F86-4BC0-BBA8-C4A58E7E8A4A} = {09EADF06-BE25-4228-AB53-95AE3E15B530}
		{58E06735-1129-4DD5-86E0-6BBFF049AAD9} = {09EADF06-BE25-4228-AB53-95AE3E15B530}
		{64BC22D3-1E76-41EF-94D8-C79E471FF2DD} = {AED9C836-31E3-4F3F-8ABC-929555D3F3C4}
		{B5989C06-4FFA-46C1-9D85-9366B34AB0A2} = {AED9C836-31E3-4F3F-8ABC-929555D3F3C4}
		{6B047E09-39C9-4583-96F3-685D84CA4117} = {AED9C836-31E3-4F3F-8ABC-929555D3F3C4}
		{CFED9F0C-FF81-4C96-8D5E-0436264CA7B5} = {AED9C836-31E3-4F3F-8ABC-929555D3F3C4}
		{3769FCC3-9AFF-4C37-97E9-6854324681DF} = {09EADF06-BE25-4228-AB53-95AE3E15B530}
		{B7B593C5-FB8C-4ADA-A638-5B53B47D087E} = {09EADF06-BE25-4228-AB53-95AE3E15B530}
		{16BB1454-2108-40E5-B3A6-594654005303} = {09EADF06-BE25-4228-AB53-95AE3E15B530}
		{55C8122D-79EA-48AB-85D0-EB551FC1C427} = {09EADF06-BE25-4228-AB53-95AE3E15B530}
		{DEC8F776-49F7-4D87-836C-FE4DC057D08C} = {D3D38B03-B557-484D-8348-8BADEE4DF592}
		{6C95FC87-F5F2-4EEF-BB97-567F2F5DD141} = {D3D38B03-B557-484D-8348-8BADEE4DF592}
		{7A9DB75F-2CA5-4184-9EF5-1F17EB39483F} = {AED9C836-31E3-4F3F-8ABC-929555D3F3C4}
		{64F40A0D-D4C2-4AA7-8470-E9CC437827E4} = {09EADF06-BE25-4228-AB53-95AE3E15B530}
		{362A98CF-FBF7-4EBB-A11B-990BBF845B15} = {09EADF06-BE25-4228-AB53-95AE3E15B530}
		{487213C9-E8A9-4F94-85D7-28A05DBBFE3A} = {DEC8F776-49F7-4D87-836C-FE4DC057D08C}
		{9252A8EB-ABFB-440C-AB4D-1D562753CE0F} = {487213C9-E8A9-4F94-85D7-28A05DBBFE3A}
		{3DEB504D-7A07-48CE-91A2-8047461CB3D4} = {AED9C836-31E3-4F3F-8ABC-929555D3F3C4}
		{001F3B4E-FBE4-4001-AFD2-A6A989CD1C25} = {09EADF06-BE25-4228-AB53-95AE3E15B530}
		{DCF46B79-1FDB-4DBA-A263-D3D64E3AAA27} = {09EADF06-BE25-4228-AB53-95AE3E15B530}
		{BF66A305-DF10-47E4-8D81-42049B149D2B} = {D3D38B03-B557-484D-8348-8BADEE4DF592}
		{B4E55B2D-2A92-46E7-B72F-E76D6FD83440} = {7F13E156-3EBA-4021-84A5-CD56BA72F99E}
		{3E4ABF07-7970-4BE6-B45B-A13D3C397545} = {AED9C836-31E3-4F3F-8ABC-929555D3F3C4}
		{7333EDEF-4144-405C-A5EC-6F42201857D8} = {AED9C836-31E3-4F3F-8ABC-929555D3F3C4}
		{A0E562A9-0E6D-470D-B180-6EB44BA84D60} = {AED9C836-31E3-4F3F-8ABC-929555D3F3C4}
		{5F81A2A4-73AD-494C-B387-07D605EC8826} = {AED9C836-31E3-4F3F-8ABC-929555D3F3C4}
		{802233D6-8CC0-46AD-9F23-FEE1E9AED9B3} = {AED9C836-31E3-4F3F-8ABC-929555D3F3C4}
		{00E38F77-1E61-4CDF-8F97-1417D4E85053} = {09EADF06-BE25-4228-AB53-95AE3E15B530}
		{A7222F41-1CF0-47D9-B80C-B4D77B027A61} = {09EADF06-BE25-4228-AB53-95AE3E15B530}
		{570A0B8A-5463-44D2-8521-54C0CA4CACA9} = {09EADF06-BE25-4228-AB53-95AE3E15B530}
		{6DEF0F40-3853-47B3-8165-5F24BA5E14DF} = {09EADF06-BE25-4228-AB53-95AE3E15B530}
		{8B38BF24-35F4-4787-A9C5-22D35987106E} = {AED9C836-31E3-4F3F-8ABC-929555D3F3C4}
		{5A79C7F0-3D99-4123-B0DA-7C9FFCD13132} = {09EADF06-BE25-4228-AB53-95AE3E15B530}
		{8C05642D-C3AA-4972-B02C-93681161A6BC} = {09EADF06-BE25-4228-AB53-95AE3E15B530}
		{73DAAC82-D308-48CC-8FFE-3B037F8BBCCA} = {09EADF06-BE25-4228-AB53-95AE3E15B530}
		{49D03292-8AFE-4B82-823C-D047BF8420F7} = {AED9C836-31E3-4F3F-8ABC-929555D3F3C4}
		{B6C83F04-A04B-4F00-9E68-1EC411F9317C} = {AED9C836-31E3-4F3F-8ABC-929555D3F3C4}
		{4B101D58-E7E4-4877-A536-A9B41E2E82A3} = {AED9C836-31E3-4F3F-8ABC-929555D3F3C4}
		{ECB71297-9DF1-48CE-B93A-CD969221F9B6} = {DA452A53-2E94-4433-B08C-041EDEC729E6}
		{11A5210E-2EA7-42F1-80DB-827762E9C781} = {09EADF06-BE25-4228-AB53-95AE3E15B530}
		{C8E1772B-DFD9-4A4D-830D-6AAB1C668BB3} = {09EADF06-BE25-4228-AB53-95AE3E15B530}
		{9222FC9D-599A-49A5-B685-08CC9A5C81D7} = {09EADF06-BE25-4228-AB53-95AE3E15B530}
		{6C29AA9B-054B-4762-BEA5-D305B932AA80} = {09EADF06-BE25-4228-AB53-95AE3E15B530}
		{4805129D-78C8-46D4-9519-0AD9B0574D6D} = {09EADF06-BE25-4228-AB53-95AE3E15B530}
		{DB7CEB5E-8BE6-48A7-87BE-B91D9AE96F71} = {09EADF06-BE25-4228-AB53-95AE3E15B530}
		{7504D46F-E4B3-43CB-9B1C-82F3131F1C99} = {09EADF06-BE25-4228-AB53-95AE3E15B530}
		{6B1B93D0-142A-4111-A20E-62B55A3E36A3} = {09EADF06-BE25-4228-AB53-95AE3E15B530}
		{F95F7AFB-03AF-4D20-BD75-1740B5FF71D3} = {09EADF06-BE25-4228-AB53-95AE3E15B530}
		{2F25EF6A-C754-45BE-AD9E-7DDF46A1B51A} = {09EADF06-BE25-4228-AB53-95AE3E15B530}
		{D1324668-9568-40F4-AA55-30A9A516C230} = {09EADF06-BE25-4228-AB53-95AE3E15B530}
		{22C51B08-ACAE-47B2-A312-462DC239A23B} = {09EADF06-BE25-4228-AB53-95AE3E15B530}
		{06A147ED-15EA-4106-9105-9B745125B470} = {09EADF06-BE25-4228-AB53-95AE3E15B530}
		{63006A14-B924-48C5-83C9-CFE9DA22B01F} = {D3D38B03-B557-484D-8348-8BADEE4DF592}
		{1229F799-37F0-4282-B9F0-74BFA97CC362} = {D3D38B03-B557-484D-8348-8BADEE4DF592}
		{DE95FE65-9FF7-4233-93DF-7A8F2805624A} = {D3D38B03-B557-484D-8348-8BADEE4DF592}
		{4CF8095E-B4A3-4326-A550-43098E447288} = {D3D38B03-B557-484D-8348-8BADEE4DF592}
		{19AC192B-75FE-45D5-B219-898E401D5904} = {D3D38B03-B557-484D-8348-8BADEE4DF592}
		{93FF16AA-635E-421D-96C1-008818C143A2} = {D3D38B03-B557-484D-8348-8BADEE4DF592}
		{EC9844CE-070A-4313-B3A3-44701AC5F1E1} = {D3D38B03-B557-484D-8348-8BADEE4DF592}
		{320AF46A-4809-486E-8F9E-A00C8AE47751} = {D3D38B03-B557-484D-8348-8BADEE4DF592}
		{11894B4A-78B4-4523-A6DD-4495722E244F} = {D3D38B03-B557-484D-8348-8BADEE4DF592}
		{7F3D89CF-EAAD-4F21-AE83-F2EF9C97EC32} = {D3D38B03-B557-484D-8348-8BADEE4DF592}
		{B836F712-7FB6-4B75-A3EB-FB05F8E0D15E} = {D3D38B03-B557-484D-8348-8BADEE4DF592}
		{B00098E4-771E-41DF-A3AA-A606AAB334B7} = {D3D38B03-B557-484D-8348-8BADEE4DF592}
		{BD93C0F3-3CED-4BE8-9389-4234250FBFB1} = {D3D38B03-B557-484D-8348-8BADEE4DF592}
		{8EDFB7E5-7E7E-411D-99C5-7A4895D0F9CB} = {D3D38B03-B557-484D-8348-8BADEE4DF592}
		{9E689AD4-F908-493C-B882-B1B33E8F7696} = {D3D38B03-B557-484D-8348-8BADEE4DF592}
		{8D8CC016-0020-40EC-BD8E-73F1CE0F9662} = {D3D38B03-B557-484D-8348-8BADEE4DF592}
		{A84717CB-F11A-41C5-A74D-C0F1D47B7431} = {D3D38B03-B557-484D-8348-8BADEE4DF592}
		{85D0CAFD-2FE8-496A-88C7-585D35B94243} = {09EADF06-BE25-4228-AB53-95AE3E15B530}
		{31D38B21-102B-41C0-9E0A-2FE0BF68D123} = {D3D38B03-B557-484D-8348-8BADEE4DF592}
		{5E920CAC-5A28-42FB-936E-49C472130953} = {AED9C836-31E3-4F3F-8ABC-929555D3F3C4}
		{AD7058C9-5608-49A8-BE23-58C33A74EE91} = {D3D38B03-B557-484D-8348-8BADEE4DF592}
		{E02DA82D-3FEE-4C60-BD80-9EC3C3448DFC} = {09EADF06-BE25-4228-AB53-95AE3E15B530}
	EndGlobalSection
	GlobalSection(ExtensibilityGlobals) = postSolution
		SolutionGuid = {41165AF1-35BB-4832-A189-73060F82B01D}
	EndGlobalSection
EndGlobal
