Microsoft Visual Studio Solution File, Format Version 12.00
# Visual Studio 15
VisualStudioVersion = 15.0.27130.2026
MinimumVisualStudioVersion = 10.0.40219.1
Project("{9A19103F-16F7-4668-BE54-9A1E7A4F7556}") = "Microsoft.ML.Core", "src\Microsoft.ML.Core\Microsoft.ML.Core.csproj", "{A6CA6CC6-5D7C-4D7F-A0F5-35E14B383B0A}"
EndProject
Project("{2150E333-8FDC-42A3-9474-1A3956D46DE8}") = "src", "src", "{09EADF06-BE25-4228-AB53-95AE3E15B530}"
	ProjectSection(SolutionItems) = preProject
		src\Microsoft.ML.Commands\Microsoft.ML.Commands.csproj = src\Microsoft.ML.Commands\Microsoft.ML.Commands.csproj
	EndProjectSection
EndProject
Project("{2150E333-8FDC-42A3-9474-1A3956D46DE8}") = "test", "test", "{AED9C836-31E3-4F3F-8ABC-929555D3F3C4}"
EndProject
Project("{9A19103F-16F7-4668-BE54-9A1E7A4F7556}") = "Microsoft.ML.Core.Tests", "test\Microsoft.ML.Core.Tests\Microsoft.ML.Core.Tests.csproj", "{EC743D1D-7691-43B7-B9B0-5F2F7018A8F6}"
EndProject
Project("{9A19103F-16F7-4668-BE54-9A1E7A4F7556}") = "Microsoft.ML.CpuMath", "src\Microsoft.ML.CpuMath\Microsoft.ML.CpuMath.csproj", "{46F2F967-C23F-4076-858D-33F7DA9BD2DA}"
EndProject
Project("{9A19103F-16F7-4668-BE54-9A1E7A4F7556}") = "Microsoft.ML.PipelineInference", "src\Microsoft.ML.PipelineInference\Microsoft.ML.PipelineInference.csproj", "{2D7391C9-8254-4B8F-BF26-FADAF8F02F44}"
EndProject
Project("{9A19103F-16F7-4668-BE54-9A1E7A4F7556}") = "Microsoft.ML.InferenceTesting", "test\Microsoft.ML.InferenceTesting\Microsoft.ML.InferenceTesting.csproj", "{E278EC99-E6EE-49FE-92E6-0A309A478D98}"
EndProject
Project("{9A19103F-16F7-4668-BE54-9A1E7A4F7556}") = "Microsoft.ML.Data", "src\Microsoft.ML.Data\Microsoft.ML.Data.csproj", "{AD92D96B-0E96-4F22-8DCE-892E13B1F282}"
EndProject
Project("{9A19103F-16F7-4668-BE54-9A1E7A4F7556}") = "Microsoft.ML.UniversalModelFormat", "src\Microsoft.ML.UniversalModelFormat\Microsoft.ML.UniversalModelFormat.csproj", "{65D0603E-B96C-4DFC-BDD1-705891B88C18}"
EndProject
Project("{9A19103F-16F7-4668-BE54-9A1E7A4F7556}") = "Microsoft.ML.StandardLearners", "src\Microsoft.ML.StandardLearners\Microsoft.ML.StandardLearners.csproj", "{707BB22C-7E5F-497A-8C2F-74578F675705}"
EndProject
Project("{9A19103F-16F7-4668-BE54-9A1E7A4F7556}") = "Microsoft.ML.Transforms", "src\Microsoft.ML.Transforms\Microsoft.ML.Transforms.csproj", "{2911A286-ECA4-4730-97A9-DA1FEE2DED97}"
EndProject
Project("{9A19103F-16F7-4668-BE54-9A1E7A4F7556}") = "Microsoft.ML", "src\Microsoft.ML\Microsoft.ML.csproj", "{7288C084-11C0-43BE-AC7F-45DCFEAEEBF6}"
EndProject
Project("{9A19103F-16F7-4668-BE54-9A1E7A4F7556}") = "Microsoft.ML.KMeansClustering", "src\Microsoft.ML.KMeansClustering\Microsoft.ML.KMeansClustering.csproj", "{F1CAE3AB-4F86-4BC0-BBA8-C4A58E7E8A4A}"
EndProject
Project("{9A19103F-16F7-4668-BE54-9A1E7A4F7556}") = "Microsoft.ML.PCA", "src\Microsoft.ML.PCA\Microsoft.ML.PCA.csproj", "{58E06735-1129-4DD5-86E0-6BBFF049AAD9}"
EndProject
Project("{9A19103F-16F7-4668-BE54-9A1E7A4F7556}") = "Microsoft.ML.Console", "src\Microsoft.ML.Maml\Microsoft.ML.Console.csproj", "{D956E291-F6E5-4474-9023-91793F45ABEB}"
EndProject
Project("{9A19103F-16F7-4668-BE54-9A1E7A4F7556}") = "Microsoft.ML.Api", "src\Microsoft.ML.Api\Microsoft.ML.Api.csproj", "{2F636A2C-062C-49F4-85F3-60DCADAB6A43}"
EndProject
Project("{9A19103F-16F7-4668-BE54-9A1E7A4F7556}") = "Microsoft.ML.Tests", "test\Microsoft.ML.Tests\Microsoft.ML.Tests.csproj", "{64BC22D3-1E76-41EF-94D8-C79E471FF2DD}"
EndProject
Project("{2150E333-8FDC-42A3-9474-1A3956D46DE8}") = "data", "data", "{FDA2FD2C-A708-43AC-A941-4D941B0853BF}"
	ProjectSection(SolutionItems) = preProject
		test\data\sentiment_data.tsv = test\data\sentiment_data.tsv
		test\data\sentiment_test.tsv = test\data\sentiment_test.tsv
	EndProjectSection
EndProject
Project("{9A19103F-16F7-4668-BE54-9A1E7A4F7556}") = "Microsoft.ML.TestFramework", "test\Microsoft.ML.TestFramework\Microsoft.ML.TestFramework.csproj", "{B5989C06-4FFA-46C1-9D85-9366B34AB0A2}"
EndProject
Project("{9A19103F-16F7-4668-BE54-9A1E7A4F7556}") = "Microsoft.ML.InternalStreams", "src\Microsoft.ML.InternalStreams\Microsoft.ML.InternalStreams.csproj", "{C4F7938F-7109-43C8-92A5-9BE47C7FF7D9}"
EndProject
Project("{9A19103F-16F7-4668-BE54-9A1E7A4F7556}") = "Microsoft.ML.Predictor.Tests", "test\Microsoft.ML.Predictor.Tests\Microsoft.ML.Predictor.Tests.csproj", "{6B047E09-39C9-4583-96F3-685D84CA4117}"
EndProject
Project("{9A19103F-16F7-4668-BE54-9A1E7A4F7556}") = "Microsoft.ML.ResultProcessor", "src\Microsoft.ML.ResultProcessor\Microsoft.ML.ResultProcessor.csproj", "{3769FCC3-9AFF-4C37-97E9-6854324681DF}"
EndProject
Project("{9A19103F-16F7-4668-BE54-9A1E7A4F7556}") = "Microsoft.ML.FastTree", "src\Microsoft.ML.FastTree\Microsoft.ML.FastTree.csproj", "{B7B593C5-FB8C-4ADA-A638-5B53B47D087E}"
EndProject
Project("{9A19103F-16F7-4668-BE54-9A1E7A4F7556}") = "Microsoft.ML.Parquet", "src\Microsoft.ML.Parquet\Microsoft.ML.Parquet.csproj", "{16BB1454-2108-40E5-B3A6-594654005303}"
EndProject
Project("{9A19103F-16F7-4668-BE54-9A1E7A4F7556}") = "Microsoft.ML.Sweeper", "src\Microsoft.ML.Sweeper\Microsoft.ML.Sweeper.csproj", "{55C8122D-79EA-48AB-85D0-EB551FC1C427}"
EndProject
Project("{2150E333-8FDC-42A3-9474-1A3956D46DE8}") = "docs", "docs", "{E20AF96D-3F66-4065-8A89-BEE479D74536}"
	ProjectSection(SolutionItems) = preProject
		docs\README.md = docs\README.md
		docs\release-notes\0.1\release-0.1.md = docs\release-notes\0.1\release-0.1.md
	EndProjectSection
EndProject
Project("{2150E333-8FDC-42A3-9474-1A3956D46DE8}") = "project-docs", "project-docs", "{52794B40-AB8A-41AF-9EF7-799C80D6E0BC}"
	ProjectSection(SolutionItems) = preProject
		docs\project-docs\contributing.md = docs\project-docs\contributing.md
		docs\project-docs\developer-guide.md = docs\project-docs\developer-guide.md
	EndProjectSection
EndProject
Project("{2150E333-8FDC-42A3-9474-1A3956D46DE8}") = "Solution Items", "Solution Items", "{76F579E4-B9D2-4A0C-A511-EEFA4B2B829F}"
	ProjectSection(SolutionItems) = preProject
		CONTRIBUTING.md = CONTRIBUTING.md
		README.md = README.md
		ROADMAP.md = ROADMAP.md
	EndProjectSection
EndProject
Project("{2150E333-8FDC-42A3-9474-1A3956D46DE8}") = "building", "building", "{DB751004-5D49-4B88-B78F-29CA9887087D}"
	ProjectSection(SolutionItems) = preProject
		docs\building\unix-instructions.md = docs\building\unix-instructions.md
		docs\building\windows-instructions.md = docs\building\windows-instructions.md
	EndProjectSection
EndProject
Project("{2150E333-8FDC-42A3-9474-1A3956D46DE8}") = "specs", "specs", "{2DEFC784-F2B5-44EA-ABBB-0DCF3E689DAC}"
	ProjectSection(SolutionItems) = preProject
		docs\specs\mvp.md = docs\specs\mvp.md
	EndProjectSection
EndProject
Project("{2150E333-8FDC-42A3-9474-1A3956D46DE8}") = "pkg", "pkg", "{D3D38B03-B557-484D-8348-8BADEE4DF592}"
	ProjectSection(SolutionItems) = preProject
		pkg\Directory.Build.props = pkg\Directory.Build.props
	EndProjectSection
EndProject
Project("{2150E333-8FDC-42A3-9474-1A3956D46DE8}") = "Microsoft.ML", "Microsoft.ML", "{DEC8F776-49F7-4D87-836C-FE4DC057D08C}"
	ProjectSection(SolutionItems) = preProject
		pkg\Microsoft.ML\Microsoft.ML.nupkgproj = pkg\Microsoft.ML\Microsoft.ML.nupkgproj
		pkg\Microsoft.ML\Microsoft.ML.symbols.nupkgproj = pkg\Microsoft.ML\Microsoft.ML.symbols.nupkgproj
	EndProjectSection
EndProject
Project("{2150E333-8FDC-42A3-9474-1A3956D46DE8}") = "Microsoft.ML.Parquet", "Microsoft.ML.Parquet", "{6C95FC87-F5F2-4EEF-BB97-567F2F5DD141}"
	ProjectSection(SolutionItems) = preProject
		pkg\Microsoft.ML.Parquet\Microsoft.ML.Parquet.nupkgproj = pkg\Microsoft.ML.Parquet\Microsoft.ML.Parquet.nupkgproj
	EndProjectSection
EndProject
Project("{9A19103F-16F7-4668-BE54-9A1E7A4F7556}") = "Microsoft.ML.Benchmarks", "test\Microsoft.ML.Benchmarks\Microsoft.ML.Benchmarks.csproj", "{7A9DB75F-2CA5-4184-9EF5-1F17EB39483F}"
EndProject
Project("{9A19103F-16F7-4668-BE54-9A1E7A4F7556}") = "Microsoft.ML.Commands", "src\Microsoft.ML.Commands\Microsoft.ML.Commands.csproj", "{C5EB2982-739C-4D42-8DA5-0FB5F4223B6D}"
EndProject
Global
	GlobalSection(SolutionConfigurationPlatforms) = preSolution
		Debug|Any CPU = Debug|Any CPU
		Release|Any CPU = Release|Any CPU
	EndGlobalSection
	GlobalSection(ProjectConfigurationPlatforms) = postSolution
		{A6CA6CC6-5D7C-4D7F-A0F5-35E14B383B0A}.Debug|Any CPU.ActiveCfg = Debug|Any CPU
		{A6CA6CC6-5D7C-4D7F-A0F5-35E14B383B0A}.Debug|Any CPU.Build.0 = Debug|Any CPU
		{A6CA6CC6-5D7C-4D7F-A0F5-35E14B383B0A}.Release|Any CPU.ActiveCfg = Release|Any CPU
		{A6CA6CC6-5D7C-4D7F-A0F5-35E14B383B0A}.Release|Any CPU.Build.0 = Release|Any CPU
		{EC743D1D-7691-43B7-B9B0-5F2F7018A8F6}.Debug|Any CPU.ActiveCfg = Debug|Any CPU
		{EC743D1D-7691-43B7-B9B0-5F2F7018A8F6}.Debug|Any CPU.Build.0 = Debug|Any CPU
		{EC743D1D-7691-43B7-B9B0-5F2F7018A8F6}.Release|Any CPU.ActiveCfg = Release|Any CPU
		{EC743D1D-7691-43B7-B9B0-5F2F7018A8F6}.Release|Any CPU.Build.0 = Release|Any CPU
		{46F2F967-C23F-4076-858D-33F7DA9BD2DA}.Debug|Any CPU.ActiveCfg = Debug|Any CPU
		{46F2F967-C23F-4076-858D-33F7DA9BD2DA}.Debug|Any CPU.Build.0 = Debug|Any CPU
		{46F2F967-C23F-4076-858D-33F7DA9BD2DA}.Release|Any CPU.ActiveCfg = Release|Any CPU
		{46F2F967-C23F-4076-858D-33F7DA9BD2DA}.Release|Any CPU.Build.0 = Release|Any CPU
		{2D7391C9-8254-4B8F-BF26-FADAF8F02F44}.Debug|Any CPU.ActiveCfg = Debug|Any CPU
		{2D7391C9-8254-4B8F-BF26-FADAF8F02F44}.Debug|Any CPU.Build.0 = Debug|Any CPU
		{2D7391C9-8254-4B8F-BF26-FADAF8F02F44}.Release|Any CPU.ActiveCfg = Release|Any CPU
		{2D7391C9-8254-4B8F-BF26-FADAF8F02F44}.Release|Any CPU.Build.0 = Release|Any CPU
		{E278EC99-E6EE-49FE-92E6-0A309A478D98}.Debug|Any CPU.ActiveCfg = Debug|Any CPU
		{E278EC99-E6EE-49FE-92E6-0A309A478D98}.Debug|Any CPU.Build.0 = Debug|Any CPU
		{E278EC99-E6EE-49FE-92E6-0A309A478D98}.Release|Any CPU.ActiveCfg = Release|Any CPU
		{E278EC99-E6EE-49FE-92E6-0A309A478D98}.Release|Any CPU.Build.0 = Release|Any CPU
		{AD92D96B-0E96-4F22-8DCE-892E13B1F282}.Debug|Any CPU.ActiveCfg = Debug|Any CPU
		{AD92D96B-0E96-4F22-8DCE-892E13B1F282}.Debug|Any CPU.Build.0 = Debug|Any CPU
		{AD92D96B-0E96-4F22-8DCE-892E13B1F282}.Release|Any CPU.ActiveCfg = Release|Any CPU
		{AD92D96B-0E96-4F22-8DCE-892E13B1F282}.Release|Any CPU.Build.0 = Release|Any CPU
		{65D0603E-B96C-4DFC-BDD1-705891B88C18}.Debug|Any CPU.ActiveCfg = Debug|Any CPU
		{65D0603E-B96C-4DFC-BDD1-705891B88C18}.Debug|Any CPU.Build.0 = Debug|Any CPU
		{65D0603E-B96C-4DFC-BDD1-705891B88C18}.Release|Any CPU.ActiveCfg = Release|Any CPU
		{65D0603E-B96C-4DFC-BDD1-705891B88C18}.Release|Any CPU.Build.0 = Release|Any CPU
		{707BB22C-7E5F-497A-8C2F-74578F675705}.Debug|Any CPU.ActiveCfg = Debug|Any CPU
		{707BB22C-7E5F-497A-8C2F-74578F675705}.Debug|Any CPU.Build.0 = Debug|Any CPU
		{707BB22C-7E5F-497A-8C2F-74578F675705}.Release|Any CPU.ActiveCfg = Release|Any CPU
		{707BB22C-7E5F-497A-8C2F-74578F675705}.Release|Any CPU.Build.0 = Release|Any CPU
		{2911A286-ECA4-4730-97A9-DA1FEE2DED97}.Debug|Any CPU.ActiveCfg = Debug|Any CPU
		{2911A286-ECA4-4730-97A9-DA1FEE2DED97}.Debug|Any CPU.Build.0 = Debug|Any CPU
		{2911A286-ECA4-4730-97A9-DA1FEE2DED97}.Release|Any CPU.ActiveCfg = Release|Any CPU
		{2911A286-ECA4-4730-97A9-DA1FEE2DED97}.Release|Any CPU.Build.0 = Release|Any CPU
		{7288C084-11C0-43BE-AC7F-45DCFEAEEBF6}.Debug|Any CPU.ActiveCfg = Debug|Any CPU
		{7288C084-11C0-43BE-AC7F-45DCFEAEEBF6}.Debug|Any CPU.Build.0 = Debug|Any CPU
		{7288C084-11C0-43BE-AC7F-45DCFEAEEBF6}.Release|Any CPU.ActiveCfg = Release|Any CPU
		{7288C084-11C0-43BE-AC7F-45DCFEAEEBF6}.Release|Any CPU.Build.0 = Release|Any CPU
		{F1CAE3AB-4F86-4BC0-BBA8-C4A58E7E8A4A}.Debug|Any CPU.ActiveCfg = Debug|Any CPU
		{F1CAE3AB-4F86-4BC0-BBA8-C4A58E7E8A4A}.Debug|Any CPU.Build.0 = Debug|Any CPU
		{F1CAE3AB-4F86-4BC0-BBA8-C4A58E7E8A4A}.Release|Any CPU.ActiveCfg = Release|Any CPU
		{F1CAE3AB-4F86-4BC0-BBA8-C4A58E7E8A4A}.Release|Any CPU.Build.0 = Release|Any CPU
		{58E06735-1129-4DD5-86E0-6BBFF049AAD9}.Debug|Any CPU.ActiveCfg = Debug|Any CPU
		{58E06735-1129-4DD5-86E0-6BBFF049AAD9}.Debug|Any CPU.Build.0 = Debug|Any CPU
		{58E06735-1129-4DD5-86E0-6BBFF049AAD9}.Release|Any CPU.ActiveCfg = Release|Any CPU
		{58E06735-1129-4DD5-86E0-6BBFF049AAD9}.Release|Any CPU.Build.0 = Release|Any CPU
		{D956E291-F6E5-4474-9023-91793F45ABEB}.Debug|Any CPU.ActiveCfg = Debug|Any CPU
		{D956E291-F6E5-4474-9023-91793F45ABEB}.Debug|Any CPU.Build.0 = Debug|Any CPU
		{D956E291-F6E5-4474-9023-91793F45ABEB}.Release|Any CPU.ActiveCfg = Release|Any CPU
		{D956E291-F6E5-4474-9023-91793F45ABEB}.Release|Any CPU.Build.0 = Release|Any CPU
		{2F636A2C-062C-49F4-85F3-60DCADAB6A43}.Debug|Any CPU.ActiveCfg = Debug|Any CPU
		{2F636A2C-062C-49F4-85F3-60DCADAB6A43}.Debug|Any CPU.Build.0 = Debug|Any CPU
		{2F636A2C-062C-49F4-85F3-60DCADAB6A43}.Release|Any CPU.ActiveCfg = Release|Any CPU
		{2F636A2C-062C-49F4-85F3-60DCADAB6A43}.Release|Any CPU.Build.0 = Release|Any CPU
		{64BC22D3-1E76-41EF-94D8-C79E471FF2DD}.Debug|Any CPU.ActiveCfg = Debug|Any CPU
		{64BC22D3-1E76-41EF-94D8-C79E471FF2DD}.Debug|Any CPU.Build.0 = Debug|Any CPU
		{64BC22D3-1E76-41EF-94D8-C79E471FF2DD}.Release|Any CPU.ActiveCfg = Release|Any CPU
		{64BC22D3-1E76-41EF-94D8-C79E471FF2DD}.Release|Any CPU.Build.0 = Release|Any CPU
		{B5989C06-4FFA-46C1-9D85-9366B34AB0A2}.Debug|Any CPU.ActiveCfg = Debug|Any CPU
		{B5989C06-4FFA-46C1-9D85-9366B34AB0A2}.Debug|Any CPU.Build.0 = Debug|Any CPU
		{B5989C06-4FFA-46C1-9D85-9366B34AB0A2}.Release|Any CPU.ActiveCfg = Release|Any CPU
		{B5989C06-4FFA-46C1-9D85-9366B34AB0A2}.Release|Any CPU.Build.0 = Release|Any CPU
		{C4F7938F-7109-43C8-92A5-9BE47C7FF7D9}.Debug|Any CPU.ActiveCfg = Debug|Any CPU
		{C4F7938F-7109-43C8-92A5-9BE47C7FF7D9}.Debug|Any CPU.Build.0 = Debug|Any CPU
		{C4F7938F-7109-43C8-92A5-9BE47C7FF7D9}.Release|Any CPU.ActiveCfg = Release|Any CPU
		{C4F7938F-7109-43C8-92A5-9BE47C7FF7D9}.Release|Any CPU.Build.0 = Release|Any CPU
		{6B047E09-39C9-4583-96F3-685D84CA4117}.Debug|Any CPU.ActiveCfg = Debug|Any CPU
		{6B047E09-39C9-4583-96F3-685D84CA4117}.Debug|Any CPU.Build.0 = Debug|Any CPU
		{6B047E09-39C9-4583-96F3-685D84CA4117}.Release|Any CPU.ActiveCfg = Release|Any CPU
		{6B047E09-39C9-4583-96F3-685D84CA4117}.Release|Any CPU.Build.0 = Release|Any CPU
		{3769FCC3-9AFF-4C37-97E9-6854324681DF}.Debug|Any CPU.ActiveCfg = Debug|Any CPU
		{3769FCC3-9AFF-4C37-97E9-6854324681DF}.Debug|Any CPU.Build.0 = Debug|Any CPU
		{3769FCC3-9AFF-4C37-97E9-6854324681DF}.Release|Any CPU.ActiveCfg = Release|Any CPU
		{3769FCC3-9AFF-4C37-97E9-6854324681DF}.Release|Any CPU.Build.0 = Release|Any CPU
		{B7B593C5-FB8C-4ADA-A638-5B53B47D087E}.Debug|Any CPU.ActiveCfg = Debug|Any CPU
		{B7B593C5-FB8C-4ADA-A638-5B53B47D087E}.Debug|Any CPU.Build.0 = Debug|Any CPU
		{B7B593C5-FB8C-4ADA-A638-5B53B47D087E}.Release|Any CPU.ActiveCfg = Release|Any CPU
		{B7B593C5-FB8C-4ADA-A638-5B53B47D087E}.Release|Any CPU.Build.0 = Release|Any CPU
		{16BB1454-2108-40E5-B3A6-594654005303}.Debug|Any CPU.ActiveCfg = Debug|Any CPU
		{16BB1454-2108-40E5-B3A6-594654005303}.Debug|Any CPU.Build.0 = Debug|Any CPU
		{16BB1454-2108-40E5-B3A6-594654005303}.Release|Any CPU.ActiveCfg = Release|Any CPU
		{16BB1454-2108-40E5-B3A6-594654005303}.Release|Any CPU.Build.0 = Release|Any CPU
		{55C8122D-79EA-48AB-85D0-EB551FC1C427}.Debug|Any CPU.ActiveCfg = Debug|Any CPU
		{55C8122D-79EA-48AB-85D0-EB551FC1C427}.Debug|Any CPU.Build.0 = Debug|Any CPU
		{55C8122D-79EA-48AB-85D0-EB551FC1C427}.Release|Any CPU.ActiveCfg = Release|Any CPU
		{55C8122D-79EA-48AB-85D0-EB551FC1C427}.Release|Any CPU.Build.0 = Release|Any CPU
		{7A9DB75F-2CA5-4184-9EF5-1F17EB39483F}.Debug|Any CPU.ActiveCfg = Debug|Any CPU
		{7A9DB75F-2CA5-4184-9EF5-1F17EB39483F}.Debug|Any CPU.Build.0 = Debug|Any CPU
		{7A9DB75F-2CA5-4184-9EF5-1F17EB39483F}.Release|Any CPU.ActiveCfg = Release|Any CPU
		{7A9DB75F-2CA5-4184-9EF5-1F17EB39483F}.Release|Any CPU.Build.0 = Release|Any CPU
		{C5EB2982-739C-4D42-8DA5-0FB5F4223B6D}.Debug|Any CPU.ActiveCfg = Debug|Any CPU
		{C5EB2982-739C-4D42-8DA5-0FB5F4223B6D}.Debug|Any CPU.Build.0 = Debug|Any CPU
		{C5EB2982-739C-4D42-8DA5-0FB5F4223B6D}.Release|Any CPU.ActiveCfg = Release|Any CPU
		{C5EB2982-739C-4D42-8DA5-0FB5F4223B6D}.Release|Any CPU.Build.0 = Release|Any CPU
	EndGlobalSection
	GlobalSection(SolutionProperties) = preSolution
		HideSolutionNode = FALSE
	EndGlobalSection
	GlobalSection(NestedProjects) = preSolution
		{A6CA6CC6-5D7C-4D7F-A0F5-35E14B383B0A} = {09EADF06-BE25-4228-AB53-95AE3E15B530}
		{EC743D1D-7691-43B7-B9B0-5F2F7018A8F6} = {AED9C836-31E3-4F3F-8ABC-929555D3F3C4}
		{46F2F967-C23F-4076-858D-33F7DA9BD2DA} = {09EADF06-BE25-4228-AB53-95AE3E15B530}
		{2D7391C9-8254-4B8F-BF26-FADAF8F02F44} = {09EADF06-BE25-4228-AB53-95AE3E15B530}
		{E278EC99-E6EE-49FE-92E6-0A309A478D98} = {AED9C836-31E3-4F3F-8ABC-929555D3F3C4}
		{AD92D96B-0E96-4F22-8DCE-892E13B1F282} = {09EADF06-BE25-4228-AB53-95AE3E15B530}
		{65D0603E-B96C-4DFC-BDD1-705891B88C18} = {09EADF06-BE25-4228-AB53-95AE3E15B530}
		{707BB22C-7E5F-497A-8C2F-74578F675705} = {09EADF06-BE25-4228-AB53-95AE3E15B530}
		{2911A286-ECA4-4730-97A9-DA1FEE2DED97} = {09EADF06-BE25-4228-AB53-95AE3E15B530}
		{7288C084-11C0-43BE-AC7F-45DCFEAEEBF6} = {09EADF06-BE25-4228-AB53-95AE3E15B530}
		{F1CAE3AB-4F86-4BC0-BBA8-C4A58E7E8A4A} = {09EADF06-BE25-4228-AB53-95AE3E15B530}
		{58E06735-1129-4DD5-86E0-6BBFF049AAD9} = {09EADF06-BE25-4228-AB53-95AE3E15B530}
		{D956E291-F6E5-4474-9023-91793F45ABEB} = {09EADF06-BE25-4228-AB53-95AE3E15B530}
		{2F636A2C-062C-49F4-85F3-60DCADAB6A43} = {09EADF06-BE25-4228-AB53-95AE3E15B530}
		{64BC22D3-1E76-41EF-94D8-C79E471FF2DD} = {AED9C836-31E3-4F3F-8ABC-929555D3F3C4}
		{FDA2FD2C-A708-43AC-A941-4D941B0853BF} = {AED9C836-31E3-4F3F-8ABC-929555D3F3C4}
		{B5989C06-4FFA-46C1-9D85-9366B34AB0A2} = {AED9C836-31E3-4F3F-8ABC-929555D3F3C4}
		{C4F7938F-7109-43C8-92A5-9BE47C7FF7D9} = {09EADF06-BE25-4228-AB53-95AE3E15B530}
		{6B047E09-39C9-4583-96F3-685D84CA4117} = {AED9C836-31E3-4F3F-8ABC-929555D3F3C4}
		{3769FCC3-9AFF-4C37-97E9-6854324681DF} = {09EADF06-BE25-4228-AB53-95AE3E15B530}
		{B7B593C5-FB8C-4ADA-A638-5B53B47D087E} = {09EADF06-BE25-4228-AB53-95AE3E15B530}
		{16BB1454-2108-40E5-B3A6-594654005303} = {09EADF06-BE25-4228-AB53-95AE3E15B530}
		{55C8122D-79EA-48AB-85D0-EB551FC1C427} = {09EADF06-BE25-4228-AB53-95AE3E15B530}
		{52794B40-AB8A-41AF-9EF7-799C80D6E0BC} = {E20AF96D-3F66-4065-8A89-BEE479D74536}
		{DB751004-5D49-4B88-B78F-29CA9887087D} = {E20AF96D-3F66-4065-8A89-BEE479D74536}
		{2DEFC784-F2B5-44EA-ABBB-0DCF3E689DAC} = {E20AF96D-3F66-4065-8A89-BEE479D74536}
		{DEC8F776-49F7-4D87-836C-FE4DC057D08C} = {D3D38B03-B557-484D-8348-8BADEE4DF592}
		{6C95FC87-F5F2-4EEF-BB97-567F2F5DD141} = {D3D38B03-B557-484D-8348-8BADEE4DF592}
		{7A9DB75F-2CA5-4184-9EF5-1F17EB39483F} = {AED9C836-31E3-4F3F-8ABC-929555D3F3C4}
		{C5EB2982-739C-4D42-8DA5-0FB5F4223B6D} = {09EADF06-BE25-4228-AB53-95AE3E15B530}
	EndGlobalSection
	GlobalSection(ExtensibilityGlobals) = postSolution
		SolutionGuid = {41165AF1-35BB-4832-A189-73060F82B01D}
	EndGlobalSection
EndGlobal
