
Microsoft Visual Studio Solution File, Format Version 12.00
# Visual Studio 15
VisualStudioVersion = 15.0.27817.0
MinimumVisualStudioVersion = 10.0.40219.1
Project("{9A19103F-16F7-4668-BE54-9A1E7A4F7556}") = "Intrinsics", "Intrinsics.csproj", "{CA4B1246-37C4-4518-A248-093945277F2E}"
EndProject
Project("{9A19103F-16F7-4668-BE54-9A1E7A4F7556}") = "IntrinsicsTests", "..\XUnitTestProject1\IntrinsicsTests.csproj", "{08C8DE6F-C4B3-4839-BC1E-4204D62F0779}"
EndProject
Project("{FAE04EC0-301F-11D3-BF4B-00C04F79EFBC}") = "PerformanceTests", "..\PerformanceTests\PerformanceTests.csproj", "{2363345D-41CC-45F7-9A75-268EA41B8D89}"
EndProject
Global
	GlobalSection(SolutionConfigurationPlatforms) = preSolution
		Debug|Any CPU = Debug|Any CPU
		Release|Any CPU = Release|Any CPU
	EndGlobalSection
	GlobalSection(ProjectConfigurationPlatforms) = postSolution
		{CA4B1246-37C4-4518-A248-093945277F2E}.Debug|Any CPU.ActiveCfg = Debug|Any CPU
		{CA4B1246-37C4-4518-A248-093945277F2E}.Debug|Any CPU.Build.0 = Debug|Any CPU
		{CA4B1246-37C4-4518-A248-093945277F2E}.Release|Any CPU.ActiveCfg = Release|Any CPU
		{CA4B1246-37C4-4518-A248-093945277F2E}.Release|Any CPU.Build.0 = Release|Any CPU
		{08C8DE6F-C4B3-4839-BC1E-4204D62F0779}.Debug|Any CPU.ActiveCfg = Debug|Any CPU
		{08C8DE6F-C4B3-4839-BC1E-4204D62F0779}.Debug|Any CPU.Build.0 = Debug|Any CPU
		{08C8DE6F-C4B3-4839-BC1E-4204D62F0779}.Release|Any CPU.ActiveCfg = Release|Any CPU
		{08C8DE6F-C4B3-4839-BC1E-4204D62F0779}.Release|Any CPU.Build.0 = Release|Any CPU
		{2363345D-41CC-45F7-9A75-268EA41B8D89}.Debug|Any CPU.ActiveCfg = Debug|Any CPU
		{2363345D-41CC-45F7-9A75-268EA41B8D89}.Debug|Any CPU.Build.0 = Debug|Any CPU
		{2363345D-41CC-45F7-9A75-268EA41B8D89}.Release|Any CPU.ActiveCfg = Release|Any CPU
		{2363345D-41CC-45F7-9A75-268EA41B8D89}.Release|Any CPU.Build.0 = Release|Any CPU
	EndGlobalSection
	GlobalSection(SolutionProperties) = preSolution
		HideSolutionNode = FALSE
	EndGlobalSection
	GlobalSection(ExtensibilityGlobals) = postSolution
		SolutionGuid = {01353B5E-E357-4A98-99B6-0CB9D00C5752}
	EndGlobalSection
EndGlobal
