
Microsoft Visual Studio Solution File, Format Version 12.00
# Visual Studio 15
VisualStudioVersion = 15.0.27703.2000
MinimumVisualStudioVersion = 10.0.40219.1
Project("{FAE04EC0-301F-11D3-BF4B-00C04F79EFBC}") = "Regression_TaxiFarePrediction", "Regression_TaxiFarePrediction\Regression_TaxiFarePrediction.csproj", "{C7301D08-10E3-4A51-A70D-7C0BCB39F6E6}"
EndProject
Project("{FAE04EC0-301F-11D3-BF4B-00C04F79EFBC}") = "BinaryClassification_SentimentAnalysis", "BinaryClassification_SentimentAnalysis\BinaryClassification_SentimentAnalysis.csproj", "{ED877F56-5304-4F0D-A75C-4C77219C8D0E}"
EndProject
Project("{FAE04EC0-301F-11D3-BF4B-00C04F79EFBC}") = "MulticlassClassification_Iris", "MulticlassClassification_Iris\MulticlassClassification_Iris.csproj", "{EEC2E07E-7482-4F37-8F7A-135EBDEC75B4}"
EndProject
Global
	GlobalSection(SolutionConfigurationPlatforms) = preSolution
		Debug|Any CPU = Debug|Any CPU
		Release|Any CPU = Release|Any CPU
	EndGlobalSection
	GlobalSection(ProjectConfigurationPlatforms) = postSolution
		{C7301D08-10E3-4A51-A70D-7C0BCB39F6E6}.Debug|Any CPU.ActiveCfg = Debug|Any CPU
		{C7301D08-10E3-4A51-A70D-7C0BCB39F6E6}.Debug|Any CPU.Build.0 = Debug|Any CPU
		{C7301D08-10E3-4A51-A70D-7C0BCB39F6E6}.Release|Any CPU.ActiveCfg = Release|Any CPU
		{C7301D08-10E3-4A51-A70D-7C0BCB39F6E6}.Release|Any CPU.Build.0 = Release|Any CPU
		{ED877F56-5304-4F0D-A75C-4C77219C8D0E}.Debug|Any CPU.ActiveCfg = Debug|Any CPU
		{ED877F56-5304-4F0D-A75C-4C77219C8D0E}.Debug|Any CPU.Build.0 = Debug|Any CPU
		{ED877F56-5304-4F0D-A75C-4C77219C8D0E}.Release|Any CPU.ActiveCfg = Release|Any CPU
		{ED877F56-5304-4F0D-A75C-4C77219C8D0E}.Release|Any CPU.Build.0 = Release|Any CPU
		{EEC2E07E-7482-4F37-8F7A-135EBDEC75B4}.Debug|Any CPU.ActiveCfg = Debug|Any CPU
		{EEC2E07E-7482-4F37-8F7A-135EBDEC75B4}.Debug|Any CPU.Build.0 = Debug|Any CPU
		{EEC2E07E-7482-4F37-8F7A-135EBDEC75B4}.Release|Any CPU.ActiveCfg = Release|Any CPU
		{EEC2E07E-7482-4F37-8F7A-135EBDEC75B4}.Release|Any CPU.Build.0 = Release|Any CPU
	EndGlobalSection
	GlobalSection(SolutionProperties) = preSolution
		HideSolutionNode = FALSE
	EndGlobalSection
	GlobalSection(ExtensibilityGlobals) = postSolution
		SolutionGuid = {B84E804C-06CA-45C8-9B9F-8F69CA930535}
	EndGlobalSection
EndGlobal
